{
    "version": 3,
    "terraform_version": "0.11.11",
    "serial": 26,
    "lineage": "01fe1ab2-8d54-eecd-37cb-53b774f27df6",
    "modules": [
        {
            "path": [
                "root"
            ],
            "outputs": {},
            "resources": {
                "aws_autoscaling_group.web_scaling_group": {
                    "type": "aws_autoscaling_group",
                    "depends_on": [
                        "aws_launch_configuration.web_launch_config",
                        "aws_subnet.public_subnet_1",
                        "aws_subnet.public_subnet_2"
                    ],
                    "primary": {
                        "id": "web_scaling_group",
                        "attributes": {
                            "arn": "arn:aws:autoscaling:us-east-1:966181838821:autoScalingGroup:82c28456-6e9b-4c4d-8ae1-20a6904384a4:autoScalingGroupName/web_scaling_group",
                            "availability_zones.#": "2",
                            "availability_zones.1305112097": "us-east-1b",
                            "availability_zones.3569565595": "us-east-1a",
                            "default_cooldown": "300",
                            "desired_capacity": "2",
                            "enabled_metrics.#": "0",
                            "force_delete": "true",
                            "health_check_grace_period": "300",
                            "health_check_type": "ELB",
                            "id": "web_scaling_group",
                            "launch_configuration": "web_launch_config",
                            "launch_template.#": "0",
                            "load_balancers.#": "0",
                            "max_size": "4",
                            "metrics_granularity": "1Minute",
                            "min_size": "2",
                            "mixed_instances_policy.#": "0",
                            "name": "web_scaling_group",
                            "placement_group": "",
                            "protect_from_scale_in": "false",
                            "service_linked_role_arn": "arn:aws:iam::966181838821:role/aws-service-role/autoscaling.amazonaws.com/AWSServiceRoleForAutoScaling",
                            "suspended_processes.#": "0",
                            "tag.#": "0",
                            "target_group_arns.#": "0",
                            "termination_policies.#": "0",
                            "vpc_zone_identifier.#": "2",
                            "vpc_zone_identifier.496579290": "subnet-0201bd2f158c57fd6",
                            "vpc_zone_identifier.543674040": "subnet-048c7fab7ae834bdf",
                            "wait_for_capacity_timeout": "10m"
                        },
                        "meta": {
                            "e2bfb730-ecaa-11e6-8f88-34363bc7c4c0": {
                                "delete": 600000000000
                            }
                        },
                        "tainted": false
                    },
                    "deposed": [],
                    "provider": "provider.aws"
                },
                "aws_autoscaling_policy.web_scaling_policy": {
                    "type": "aws_autoscaling_policy",
                    "depends_on": [
                        "aws_autoscaling_group.web_scaling_group"
                    ],
                    "primary": {
                        "id": "web_scaling_policy",
                        "attributes": {
                            "adjustment_type": "ChangeInCapacity",
                            "arn": "arn:aws:autoscaling:us-east-1:966181838821:scalingPolicy:cef875c9-f7be-4ab6-a1ff-b8d35c0ef0fd:autoScalingGroupName/web_scaling_group:policyName/web_scaling_policy",
                            "autoscaling_group_name": "web_scaling_group",
                            "cooldown": "300",
                            "estimated_instance_warmup": "0",
                            "id": "web_scaling_policy",
                            "metric_aggregation_type": "",
                            "name": "web_scaling_policy",
                            "policy_type": "SimpleScaling",
                            "scaling_adjustment": "1",
                            "step_adjustment.#": "0",
                            "target_tracking_configuration.#": "0"
                        },
                        "meta": {},
                        "tainted": false
                    },
                    "deposed": [],
                    "provider": "provider.aws"
                },
                "aws_iam_instance_profile.web_profile": {
                    "type": "aws_iam_instance_profile",
                    "depends_on": [
                        "aws_iam_role.logging_role"
                    ],
                    "primary": {
                        "id": "web_profile",
                        "attributes": {
                            "arn": "arn:aws:iam::966181838821:instance-profile/web_profile",
                            "create_date": "2019-03-12T20:14:53Z",
                            "id": "web_profile",
                            "name": "web_profile",
                            "path": "/",
                            "role": "logging_role",
                            "roles.#": "0",
                            "unique_id": "AIPAJUMDFD2RYZGBVZROO"
                        },
                        "meta": {},
                        "tainted": false
                    },
                    "deposed": [],
                    "provider": "provider.aws"
                },
                "aws_iam_policy.logging_policy": {
                    "type": "aws_iam_policy",
                    "depends_on": [
                        "data.aws_iam_policy_document.s3_policy_document"
                    ],
                    "primary": {
                        "id": "arn:aws:iam::966181838821:policy/logging_policy",
                        "attributes": {
                            "arn": "arn:aws:iam::966181838821:policy/logging_policy",
                            "description": "A policy to store logs",
                            "id": "arn:aws:iam::966181838821:policy/logging_policy",
                            "name": "logging_policy",
                            "path": "/",
                            "policy": "{\n  \"Version\": \"2012-10-17\",\n  \"Statement\": [\n    {\n      \"Sid\": \"\",\n      \"Effect\": \"Allow\",\n      \"Action\": \"s3:*\",\n      \"Resource\": \"arn:aws:s3:::*\"\n    }\n  ]\n}"
                        },
                        "meta": {},
                        "tainted": false
                    },
                    "deposed": [],
                    "provider": "provider.aws"
                },
                "aws_iam_role.logging_role": {
                    "type": "aws_iam_role",
                    "depends_on": [
                        "data.aws_iam_policy_document.role_policy"
                    ],
                    "primary": {
                        "id": "logging_role",
                        "attributes": {
                            "arn": "arn:aws:iam::966181838821:role/logging_role",
                            "assume_role_policy": "{\"Version\":\"2012-10-17\",\"Statement\":[{\"Sid\":\"\",\"Effect\":\"Allow\",\"Principal\":{\"Service\":\"ec2.amazonaws.com\"},\"Action\":\"sts:AssumeRole\"}]}",
                            "create_date": "2019-03-12T20:14:52Z",
                            "description": "",
                            "force_detach_policies": "false",
                            "id": "logging_role",
                            "max_session_duration": "3600",
                            "name": "logging_role",
                            "path": "/",
                            "tags.%": "0",
                            "unique_id": "AROAJFRTGNDJI6MGBHCQQ"
                        },
                        "meta": {},
                        "tainted": false
                    },
                    "deposed": [],
                    "provider": "provider.aws"
                },
                "aws_iam_role_policy_attachment.logging_role_attachment": {
                    "type": "aws_iam_role_policy_attachment",
                    "depends_on": [
                        "aws_iam_policy.logging_policy",
                        "aws_iam_role.logging_role"
                    ],
                    "primary": {
                        "id": "logging_role-20190312201453993000000001",
                        "attributes": {
                            "id": "logging_role-20190312201453993000000001",
                            "policy_arn": "arn:aws:iam::966181838821:policy/logging_policy",
                            "role": "logging_role"
                        },
                        "meta": {},
                        "tainted": false
                    },
                    "deposed": [],
                    "provider": "provider.aws"
                },
                "aws_internet_gateway.main_vpc_internet_gateway": {
                    "type": "aws_internet_gateway",
                    "depends_on": [
                        "aws_vpc.main_vpc"
                    ],
                    "primary": {
                        "id": "igw-09cba22dd76b2f543",
                        "attributes": {
                            "id": "igw-09cba22dd76b2f543",
                            "owner_id": "966181838821",
                            "tags.%": "1",
                            "tags.Name": "main-vpc-internet-gateway",
                            "vpc_id": "vpc-0f1e436517c333bf6"
                        },
                        "meta": {},
                        "tainted": false
                    },
                    "deposed": [],
                    "provider": "provider.aws"
                },
                "aws_key_pair.my_key": {
                    "type": "aws_key_pair",
                    "depends_on": [],
                    "primary": {
                        "id": "my_key",
                        "attributes": {
                            "fingerprint": "66:16:69:36:37:a4:cb:28:de:1c:f0:4b:ba:92:6d:f6",
                            "id": "my_key",
                            "key_name": "my_key",
                            "public_key": "ssh-rsa AAAAB3NzaC1yc2EAAAADAQABAAABAQDbS+b+lupPNGxbYiLMBXBozh1ZT2ot1ODQsUHHfVVvOV5oZF+4e1OlV+sCEtDocg0r1N8HPmMoMFgShNZpRah82UxuGMa4+MjavAH1IybX9hPTmTMN6oUyH0mSPMrQx22EYr42arM0kZU0frvOGXmZRfgal+oZimM4m9iSreOeLKAEnU/4GsHrZ1u3eXp1KT5xXBDT5+NgjKfdmOLf664wJhv78uFO3MxrO1YDTCgQaGZfa+WrmTQ6JKUejP0KsE5Ll2nUQPamjhrc2AHe1amZa02+SBSa/y0LuB8sCB00lJUBdNC0Uab/Ehd8IMG+Uh6vHthen3v5t3Nx9VFGJ7BZ monkies@devops-ubuntu-server"
                        },
                        "meta": {
                            "schema_version": "1"
                        },
                        "tainted": false
                    },
                    "deposed": [],
                    "provider": "provider.aws"
                },
                "aws_launch_configuration.web_launch_config": {
                    "type": "aws_launch_configuration",
                    "depends_on": [
                        "aws_iam_instance_profile.web_profile",
                        "aws_key_pair.my_key",
                        "data.aws_ami.ubuntu"
                    ],
                    "primary": {
                        "id": "web_launch_config",
                        "attributes": {
                            "associate_public_ip_address": "false",
                            "ebs_block_device.#": "0",
                            "ebs_optimized": "false",
                            "enable_monitoring": "true",
                            "ephemeral_block_device.#": "0",
                            "iam_instance_profile": "web_profile",
                            "id": "web_launch_config",
                            "image_id": "ami-0a313d6098716f372",
                            "instance_type": "t2.micro",
                            "key_name": "my_key",
                            "name": "web_launch_config",
                            "placement_tenancy": "default",
                            "root_block_device.#": "0",
                            "security_groups.#": "0",
                            "spot_price": "",
                            "vpc_classic_link_id": "",
                            "vpc_classic_link_security_groups.#": "0"
                        },
                        "meta": {},
                        "tainted": false
                    },
                    "deposed": [],
                    "provider": "provider.aws"
                },
                "aws_route.main_vpc_public_route": {
                    "type": "aws_route",
                    "depends_on": [
                        "aws_internet_gateway.main_vpc_internet_gateway",
                        "aws_route_table.main_vpc_route_table"
                    ],
                    "primary": {
                        "id": "r-rtb-0244b4320b64504c71080289494",
                        "attributes": {
                            "destination_cidr_block": "0.0.0.0/0",
                            "destination_prefix_list_id": "",
                            "egress_only_gateway_id": "",
                            "gateway_id": "igw-09cba22dd76b2f543",
                            "id": "r-rtb-0244b4320b64504c71080289494",
                            "instance_id": "",
                            "instance_owner_id": "",
                            "nat_gateway_id": "",
                            "network_interface_id": "",
                            "origin": "CreateRoute",
                            "route_table_id": "rtb-0244b4320b64504c7",
                            "state": "active",
                            "transit_gateway_id": "",
                            "vpc_peering_connection_id": ""
                        },
                        "meta": {
                            "e2bfb730-ecaa-11e6-8f88-34363bc7c4c0": {
                                "create": 120000000000,
                                "delete": 300000000000
                            }
                        },
                        "tainted": false
                    },
                    "deposed": [],
                    "provider": "provider.aws"
                },
                "aws_route_table.main_vpc_route_table": {
                    "type": "aws_route_table",
                    "depends_on": [
                        "aws_vpc.main_vpc"
                    ],
                    "primary": {
                        "id": "rtb-0244b4320b64504c7",
                        "attributes": {
                            "id": "rtb-0244b4320b64504c7",
                            "owner_id": "966181838821",
                            "propagating_vgws.#": "0",
                            "route.#": "0",
                            "tags.%": "1",
                            "tags.Name": "main-vpc-route-table",
                            "vpc_id": "vpc-0f1e436517c333bf6"
                        },
                        "meta": {},
                        "tainted": false
                    },
                    "deposed": [],
                    "provider": "provider.aws"
                },
                "aws_route_table_association.associate_public_routes": {
                    "type": "aws_route_table_association",
                    "depends_on": [
                        "aws_route_table.main_vpc_route_table",
                        "aws_subnet.public_subnet_1"
                    ],
                    "primary": {
                        "id": "rtbassoc-0a44520af22afdee0",
                        "attributes": {
                            "id": "rtbassoc-0a44520af22afdee0",
                            "route_table_id": "rtb-0244b4320b64504c7",
                            "subnet_id": "subnet-0201bd2f158c57fd6"
                        },
                        "meta": {},
                        "tainted": false
                    },
                    "deposed": [],
                    "provider": "provider.aws"
                },
                "aws_route_table_association.main_vpc_public_route_2": {
                    "type": "aws_route_table_association",
                    "depends_on": [
                        "aws_route_table.main_vpc_route_table",
                        "aws_subnet.public_subnet_2"
                    ],
                    "primary": {
                        "id": "rtbassoc-0246f566aa16b3169",
                        "attributes": {
                            "id": "rtbassoc-0246f566aa16b3169",
                            "route_table_id": "rtb-0244b4320b64504c7",
                            "subnet_id": "subnet-048c7fab7ae834bdf"
                        },
                        "meta": {},
                        "tainted": false
                    },
                    "deposed": [],
                    "provider": "provider.aws"
                },
                "aws_s3_bucket.logging_bucket": {
                    "type": "aws_s3_bucket",
                    "depends_on": [],
                    "primary": {
                        "id": "logging-bucket-08710",
                        "attributes": {
                            "acceleration_status": "",
                            "acl": "private",
                            "arn": "arn:aws:s3:::logging-bucket-08710",
                            "bucket": "logging-bucket-08710",
                            "bucket_domain_name": "logging-bucket-08710.s3.amazonaws.com",
                            "bucket_regional_domain_name": "logging-bucket-08710.s3.amazonaws.com",
                            "cors_rule.#": "0",
                            "force_destroy": "false",
                            "hosted_zone_id": "Z3AQBSTGFYJSTF",
                            "id": "logging-bucket-08710",
                            "lifecycle_rule.#": "0",
                            "logging.#": "0",
                            "object_lock_configuration.#": "0",
                            "region": "us-east-1",
                            "replication_configuration.#": "0",
                            "request_payer": "BucketOwner",
                            "server_side_encryption_configuration.#": "0",
                            "tags.%": "1",
                            "tags.Name": "logging-bucket",
                            "versioning.#": "1",
                            "versioning.0.enabled": "false",
                            "versioning.0.mfa_delete": "false",
                            "website.#": "0"
                        },
                        "meta": {},
                        "tainted": false
                    },
                    "deposed": [],
                    "provider": "provider.aws"
                },
                "aws_security_group.allow_http": {
                    "type": "aws_security_group",
                    "depends_on": [
                        "aws_vpc.main_vpc"
                    ],
                    "primary": {
                        "id": "sg-0cba2bdb2af478af2",
                        "attributes": {
                            "arn": "arn:aws:ec2:us-east-1:966181838821:security-group/sg-0cba2bdb2af478af2",
                            "description": "Allow incoming traffic to http servers",
                            "egress.#": "0",
                            "id": "sg-0cba2bdb2af478af2",
                            "ingress.#": "1",
                            "ingress.2995531591.cidr_blocks.#": "1",
                            "ingress.2995531591.cidr_blocks.0": "0.0.0.0/0",
                            "ingress.2995531591.description": "",
                            "ingress.2995531591.from_port": "0",
                            "ingress.2995531591.ipv6_cidr_blocks.#": "0",
                            "ingress.2995531591.prefix_list_ids.#": "0",
                            "ingress.2995531591.protocol": "tcp",
                            "ingress.2995531591.security_groups.#": "0",
                            "ingress.2995531591.self": "false",
                            "ingress.2995531591.to_port": "80",
                            "name": "allow-http",
                            "owner_id": "966181838821",
                            "revoke_rules_on_delete": "false",
                            "tags.%": "1",
                            "tags.Name": "allow-http-inbound",
                            "vpc_id": "vpc-0f1e436517c333bf6"
                        },
                        "meta": {
                            "e2bfb730-ecaa-11e6-8f88-34363bc7c4c0": {
                                "create": 600000000000,
                                "delete": 600000000000
                            },
                            "schema_version": "1"
                        },
                        "tainted": false
                    },
                    "deposed": [],
                    "provider": "provider.aws"
                },
                "aws_security_group.allow_ssh": {
                    "type": "aws_security_group",
                    "depends_on": [
                        "aws_vpc.main_vpc"
                    ],
                    "primary": {
                        "id": "sg-09287863505c31260",
                        "attributes": {
                            "arn": "arn:aws:ec2:us-east-1:966181838821:security-group/sg-09287863505c31260",
                            "description": "Allow all incoming SSH traffic",
                            "egress.#": "1",
                            "egress.482069346.cidr_blocks.#": "1",
                            "egress.482069346.cidr_blocks.0": "0.0.0.0/0",
                            "egress.482069346.description": "",
                            "egress.482069346.from_port": "0",
                            "egress.482069346.ipv6_cidr_blocks.#": "0",
                            "egress.482069346.prefix_list_ids.#": "0",
                            "egress.482069346.protocol": "-1",
                            "egress.482069346.security_groups.#": "0",
                            "egress.482069346.self": "false",
                            "egress.482069346.to_port": "0",
                            "id": "sg-09287863505c31260",
                            "ingress.#": "1",
                            "ingress.1911780872.cidr_blocks.#": "1",
                            "ingress.1911780872.cidr_blocks.0": "0.0.0.0/0",
                            "ingress.1911780872.description": "",
                            "ingress.1911780872.from_port": "0",
                            "ingress.1911780872.ipv6_cidr_blocks.#": "0",
                            "ingress.1911780872.prefix_list_ids.#": "0",
                            "ingress.1911780872.protocol": "tcp",
                            "ingress.1911780872.security_groups.#": "0",
                            "ingress.1911780872.self": "false",
                            "ingress.1911780872.to_port": "22",
                            "name": "allow_all",
                            "owner_id": "966181838821",
                            "revoke_rules_on_delete": "false",
                            "tags.%": "1",
                            "tags.Name": "allow-ssh-sg",
                            "vpc_id": "vpc-0f1e436517c333bf6"
                        },
                        "meta": {
                            "e2bfb730-ecaa-11e6-8f88-34363bc7c4c0": {
                                "create": 600000000000,
                                "delete": 600000000000
                            },
                            "schema_version": "1"
                        },
                        "tainted": false
                    },
                    "deposed": [],
                    "provider": "provider.aws"
                },
                "aws_subnet.private_subnet_1": {
                    "type": "aws_subnet",
                    "depends_on": [
                        "aws_vpc.main_vpc"
                    ],
                    "primary": {
                        "id": "subnet-0aed0b13bc879cc26",
                        "attributes": {
                            "arn": "arn:aws:ec2:us-east-1:966181838821:subnet/subnet-0aed0b13bc879cc26",
                            "assign_ipv6_address_on_creation": "false",
                            "availability_zone": "us-east-1c",
                            "availability_zone_id": "use1-az1",
                            "cidr_block": "10.0.3.0/24",
                            "id": "subnet-0aed0b13bc879cc26",
                            "ipv6_cidr_block": "",
                            "ipv6_cidr_block_association_id": "",
                            "map_public_ip_on_launch": "false",
                            "owner_id": "966181838821",
                            "tags.%": "1",
                            "tags.Name": "main-vpc-private-subnet-1",
                            "vpc_id": "vpc-0f1e436517c333bf6"
                        },
                        "meta": {
                            "e2bfb730-ecaa-11e6-8f88-34363bc7c4c0": {
                                "create": 600000000000,
                                "delete": 600000000000
                            },
                            "schema_version": "1"
                        },
                        "tainted": false
                    },
                    "deposed": [],
                    "provider": "provider.aws"
                },
                "aws_subnet.private_subnet_2": {
                    "type": "aws_subnet",
                    "depends_on": [
                        "aws_vpc.main_vpc"
                    ],
                    "primary": {
                        "id": "subnet-07b45499225793d8a",
                        "attributes": {
                            "arn": "arn:aws:ec2:us-east-1:966181838821:subnet/subnet-07b45499225793d8a",
                            "assign_ipv6_address_on_creation": "false",
                            "availability_zone": "us-east-1d",
                            "availability_zone_id": "use1-az2",
                            "cidr_block": "10.0.4.0/24",
                            "id": "subnet-07b45499225793d8a",
                            "ipv6_cidr_block": "",
                            "ipv6_cidr_block_association_id": "",
                            "map_public_ip_on_launch": "false",
                            "owner_id": "966181838821",
                            "tags.%": "1",
                            "tags.Name": "main-vpc-private-subnet-2",
                            "vpc_id": "vpc-0f1e436517c333bf6"
                        },
                        "meta": {
                            "e2bfb730-ecaa-11e6-8f88-34363bc7c4c0": {
                                "create": 600000000000,
                                "delete": 600000000000
                            },
                            "schema_version": "1"
                        },
                        "tainted": false
                    },
                    "deposed": [],
                    "provider": "provider.aws"
                },
                "aws_subnet.public_subnet_1": {
                    "type": "aws_subnet",
                    "depends_on": [
                        "aws_vpc.main_vpc"
                    ],
                    "primary": {
                        "id": "subnet-0201bd2f158c57fd6",
                        "attributes": {
                            "arn": "arn:aws:ec2:us-east-1:966181838821:subnet/subnet-0201bd2f158c57fd6",
                            "assign_ipv6_address_on_creation": "false",
                            "availability_zone": "us-east-1a",
                            "availability_zone_id": "use1-az4",
                            "cidr_block": "10.0.1.0/24",
                            "id": "subnet-0201bd2f158c57fd6",
                            "ipv6_cidr_block": "",
                            "ipv6_cidr_block_association_id": "",
                            "map_public_ip_on_launch": "true",
                            "owner_id": "966181838821",
                            "tags.%": "1",
                            "tags.Name": "main-vpc-public-subnet-1",
                            "vpc_id": "vpc-0f1e436517c333bf6"
                        },
                        "meta": {
                            "e2bfb730-ecaa-11e6-8f88-34363bc7c4c0": {
                                "create": 600000000000,
                                "delete": 600000000000
                            },
                            "schema_version": "1"
                        },
                        "tainted": false
                    },
                    "deposed": [],
                    "provider": "provider.aws"
                },
                "aws_subnet.public_subnet_2": {
                    "type": "aws_subnet",
                    "depends_on": [
                        "aws_vpc.main_vpc"
                    ],
                    "primary": {
                        "id": "subnet-048c7fab7ae834bdf",
                        "attributes": {
                            "arn": "arn:aws:ec2:us-east-1:966181838821:subnet/subnet-048c7fab7ae834bdf",
                            "assign_ipv6_address_on_creation": "false",
                            "availability_zone": "us-east-1b",
                            "availability_zone_id": "use1-az6",
                            "cidr_block": "10.0.2.0/24",
                            "id": "subnet-048c7fab7ae834bdf",
                            "ipv6_cidr_block": "",
                            "ipv6_cidr_block_association_id": "",
                            "map_public_ip_on_launch": "true",
                            "owner_id": "966181838821",
                            "tags.%": "1",
                            "tags.Name": "main-vpc-public-subnet-2",
                            "vpc_id": "vpc-0f1e436517c333bf6"
                        },
                        "meta": {
                            "e2bfb730-ecaa-11e6-8f88-34363bc7c4c0": {
                                "create": 600000000000,
                                "delete": 600000000000
                            },
                            "schema_version": "1"
                        },
                        "tainted": false
                    },
                    "deposed": [],
                    "provider": "provider.aws"
                },
                "aws_vpc.main_vpc": {
                    "type": "aws_vpc",
                    "depends_on": [],
                    "primary": {
                        "id": "vpc-0f1e436517c333bf6",
                        "attributes": {
                            "arn": "arn:aws:ec2:us-east-1:966181838821:vpc/vpc-0f1e436517c333bf6",
                            "assign_generated_ipv6_cidr_block": "false",
                            "cidr_block": "10.0.0.0/16",
                            "default_network_acl_id": "acl-09421010d8e0f5810",
                            "default_route_table_id": "rtb-0b424038e1b1fb775",
                            "default_security_group_id": "sg-0732941a109d97ee3",
                            "dhcp_options_id": "dopt-5394172a",
                            "enable_classiclink": "false",
                            "enable_classiclink_dns_support": "false",
                            "enable_dns_hostnames": "true",
                            "enable_dns_support": "true",
                            "id": "vpc-0f1e436517c333bf6",
                            "instance_tenancy": "default",
                            "ipv6_association_id": "",
                            "ipv6_cidr_block": "",
                            "main_route_table_id": "rtb-0b424038e1b1fb775",
                            "owner_id": "966181838821",
                            "tags.%": "1",
                            "tags.Name": "public-vpc"
                        },
                        "meta": {
                            "schema_version": "1"
                        },
                        "tainted": false
                    },
                    "deposed": [],
                    "provider": "provider.aws"
                },
                "data.aws_ami.ubuntu": {
                    "type": "aws_ami",
                    "depends_on": [],
                    "primary": {
                        "id": "ami-0a313d6098716f372",
                        "attributes": {
                            "architecture": "x86_64",
                            "block_device_mappings.#": "3",
                            "block_device_mappings.1634610537.device_name": "/dev/sdb",
                            "block_device_mappings.1634610537.ebs.%": "0",
                            "block_device_mappings.1634610537.no_device": "",
                            "block_device_mappings.1634610537.virtual_name": "ephemeral0",
                            "block_device_mappings.2547816212.device_name": "/dev/sda1",
                            "block_device_mappings.2547816212.ebs.%": "6",
                            "block_device_mappings.2547816212.ebs.delete_on_termination": "true",
                            "block_device_mappings.2547816212.ebs.encrypted": "false",
                            "block_device_mappings.2547816212.ebs.iops": "0",
                            "block_device_mappings.2547816212.ebs.snapshot_id": "snap-0b1f84f810682b7bf",
                            "block_device_mappings.2547816212.ebs.volume_size": "8",
                            "block_device_mappings.2547816212.ebs.volume_type": "gp2",
                            "block_device_mappings.2547816212.no_device": "",
                            "block_device_mappings.2547816212.virtual_name": "",
                            "block_device_mappings.3850042718.device_name": "/dev/sdc",
                            "block_device_mappings.3850042718.ebs.%": "0",
                            "block_device_mappings.3850042718.no_device": "",
                            "block_device_mappings.3850042718.virtual_name": "ephemeral1",
                            "creation_date": "2019-02-13T12:48:22.000Z",
                            "description": "Canonical, Ubuntu, 18.04 LTS, amd64 bionic image build on 2019-02-12",
                            "filter.#": "2",
                            "filter.490168357.name": "virtualization-type",
                            "filter.490168357.values.#": "1",
                            "filter.490168357.values.0": "hvm",
                            "filter.942818600.name": "name",
                            "filter.942818600.values.#": "1",
                            "filter.942818600.values.0": "ubuntu/images/hvm-ssd/ubuntu-bionic-18.04-amd64-server-*",
                            "hypervisor": "xen",
                            "id": "ami-0a313d6098716f372",
                            "image_id": "ami-0a313d6098716f372",
                            "image_location": "099720109477/ubuntu/images/hvm-ssd/ubuntu-bionic-18.04-amd64-server-20190212.1",
                            "image_type": "machine",
                            "most_recent": "true",
                            "name": "ubuntu/images/hvm-ssd/ubuntu-bionic-18.04-amd64-server-20190212.1",
                            "owner_id": "099720109477",
                            "owners.#": "1",
                            "owners.0": "099720109477",
                            "product_codes.#": "0",
                            "public": "true",
                            "root_device_name": "/dev/sda1",
                            "root_device_type": "ebs",
                            "root_snapshot_id": "snap-0b1f84f810682b7bf",
                            "sriov_net_support": "simple",
                            "state": "available",
                            "state_reason.%": "2",
                            "state_reason.code": "UNSET",
                            "state_reason.message": "UNSET",
                            "tags.%": "0",
                            "virtualization_type": "hvm"
                        },
                        "meta": {},
                        "tainted": false
                    },
                    "deposed": [],
                    "provider": "provider.aws"
                },
                "data.aws_iam_policy_document.role_policy": {
                    "type": "aws_iam_policy_document",
                    "depends_on": [],
                    "primary": {
                        "id": "1903849331",
                        "attributes": {
                            "id": "1903849331",
                            "json": "{\n  \"Version\": \"2012-10-17\",\n  \"Statement\": [\n    {\n      \"Sid\": \"\",\n      \"Effect\": \"Allow\",\n      \"Action\": \"sts:AssumeRole\",\n      \"Principal\": {\n        \"Service\": \"ec2.amazonaws.com\"\n      }\n    }\n  ]\n}",
                            "statement.#": "1",
                            "statement.0.actions.#": "1",
                            "statement.0.actions.2528466339": "sts:AssumeRole",
                            "statement.0.condition.#": "0",
                            "statement.0.effect": "Allow",
                            "statement.0.not_actions.#": "0",
                            "statement.0.not_principals.#": "0",
                            "statement.0.not_resources.#": "0",
                            "statement.0.principals.#": "1",
                            "statement.0.principals.1134724139.identifiers.#": "1",
                            "statement.0.principals.1134724139.identifiers.3655884555": "ec2.amazonaws.com",
                            "statement.0.principals.1134724139.type": "Service",
                            "statement.0.resources.#": "0",
                            "statement.0.sid": "",
                            "version": "2012-10-17"
                        },
                        "meta": {},
                        "tainted": false
                    },
                    "deposed": [],
                    "provider": "provider.aws"
                },
                "data.aws_iam_policy_document.s3_policy_document": {
                    "type": "aws_iam_policy_document",
                    "depends_on": [],
                    "primary": {
                        "id": "455600609",
                        "attributes": {
                            "id": "455600609",
                            "json": "{\n  \"Version\": \"2012-10-17\",\n  \"Statement\": [\n    {\n      \"Sid\": \"\",\n      \"Effect\": \"Allow\",\n      \"Action\": \"s3:*\",\n      \"Resource\": \"arn:aws:s3:::*\"\n    }\n  ]\n}",
                            "statement.#": "1",
                            "statement.0.actions.#": "1",
                            "statement.0.actions.1834123015": "s3:*",
                            "statement.0.condition.#": "0",
                            "statement.0.effect": "Allow",
                            "statement.0.not_actions.#": "0",
                            "statement.0.not_principals.#": "0",
                            "statement.0.not_resources.#": "0",
                            "statement.0.principals.#": "0",
                            "statement.0.resources.#": "1",
                            "statement.0.resources.2835728174": "arn:aws:s3:::*",
                            "statement.0.sid": "",
                            "version": "2012-10-17"
                        },
                        "meta": {},
                        "tainted": false
                    },
                    "deposed": [],
                    "provider": "provider.aws"
                }
            },
            "depends_on": []
        }
    ]
}
