{
    "version": 3,
    "terraform_version": "0.11.7",
    "serial": 1,
    "lineage": "c37b2d36-e78d-802d-bd30-bd794b376cde",
    "modules": [
        {
            "path": [
                "root"
            ],
            "outputs": {},
            "resources": {
                "aws_autoscaling_group.sample_autoscaling_group": {
                    "type": "aws_autoscaling_group",
                    "depends_on": [
                        "aws_launch_configuration.sample_launch_configuration",
                        "aws_subnet.main_vpc_subnet_1",
                        "aws_subnet.main_vpc_subnet_2"
                    ],
                    "primary": {
                        "id": "sample_autoscaling_group",
                        "attributes": {
                            "force_delete": "true",
                            "health_check_grace_period": "300",
                            "health_check_type": "EC2",
                            "id": "sample_autoscaling_group",
                            "launch_configuration": "sample_launch_configuration",
                            "load_balancers.#": "0",
                            "max_size": "2",
                            "metrics_granularity": "1Minute",
                            "min_size": "1",
                            "name": "sample_autoscaling_group",
                            "protect_from_scale_in": "false",
                            "target_group_arns.#": "0",
                            "vpc_zone_identifier.#": "2",
                            "vpc_zone_identifier.3521676724": "subnet-07058e64d2a125cc1",
                            "vpc_zone_identifier.3968760745": "subnet-0e8cc654b41aa85e0",
                            "wait_for_capacity_timeout": "10m"
                        },
                        "meta": {
                            "e2bfb730-ecaa-11e6-8f88-34363bc7c4c0": {
                                "delete": 600000000000
                            }
                        },
                        "tainted": false
                    },
                    "deposed": [],
                    "provider": "provider.aws"
                },
                "aws_internet_gateway.main_vpc_internet_gateway": {
                    "type": "aws_internet_gateway",
                    "depends_on": [
                        "aws_vpc.main_vpc"
                    ],
                    "primary": {
                        "id": "igw-073c6a184ecb71a24",
                        "attributes": {
                            "id": "igw-073c6a184ecb71a24",
                            "owner_id": "966181838821",
                            "tags.%": "0",
                            "vpc_id": "vpc-0665376716caef1c5"
                        },
                        "meta": {},
                        "tainted": false
                    },
                    "deposed": [],
                    "provider": "provider.aws"
                },
                "aws_key_pair.my_key": {
                    "type": "aws_key_pair",
                    "depends_on": [],
                    "primary": {
                        "id": "my_key",
                        "attributes": {
                            "fingerprint": "9d:27:44:a5:46:2c:76:2b:c0:37:45:71:4b:cc:7c:46",
                            "id": "my_key",
                            "key_name": "my_key",
                            "public_key": "ssh-rsa AAAAB3NzaC1yc2EAAAADAQABAAABAQCxIZqcaKWE18gJK0lf21Tx/4mX+gLRm8mMIq5Ncq6lSKEl5quelLdtkh9zlYB/yWhbrC3aSZPX8PvanLDRoD/5JKIfYscvR55/55GwHQh8n/V42OWU80pUGW7uBU14eR653+JKdIwfKHMv3HtCRoXnsy4TyC276+UGte437crt9w/PPeY/hU5b3HYAWpF+I5ivcwuTOZoTVdjWaYmnSIOoPmLMgTAjSq+eIoeg5t2V8rFDZak6RadBQMOcuarXNBVc8lvvd7bnFP4oTauQEIOTUlek3AyPZGP4K/eHfobFSA9Qo6zR6yPeTe93p4RcLEBZsHH0+5mW2fr3NilSMPmD vagrant@ubuntu-xenial"
                        },
                        "meta": {
                            "schema_version": "1"
                        },
                        "tainted": false
                    },
                    "deposed": [],
                    "provider": "provider.aws"
                },
                "aws_launch_configuration.sample_launch_configuration": {
                    "type": "aws_launch_configuration",
                    "depends_on": [
                        "aws_key_pair.my_key",
                        "aws_security_group.allow_ssh_security_group"
                    ],
                    "primary": {
                        "id": "sample_launch_configuration",
                        "attributes": {
                            "associate_public_ip_address": "false",
                            "ebs_block_device.#": "0",
                            "ebs_optimized": "false",
                            "enable_monitoring": "true",
                            "ephemeral_block_device.#": "0",
                            "iam_instance_profile": "",
                            "id": "sample_launch_configuration",
                            "image_id": "ami-04b8c2001b0bf0c27",
                            "instance_type": "t2.micro",
                            "key_name": "my_key",
                            "name": "sample_launch_configuration",
                            "root_block_device.#": "0",
                            "security_groups.#": "1",
                            "security_groups.614976888": "sg-094e604dd820bac6b",
                            "spot_price": "",
                            "vpc_classic_link_id": "",
                            "vpc_classic_link_security_groups.#": "0"
                        },
                        "meta": {},
                        "tainted": false
                    },
                    "deposed": [],
                    "provider": "provider.aws"
                },
                "aws_route.main_vpc_route": {
                    "type": "aws_route",
                    "depends_on": [
                        "aws_internet_gateway.main_vpc_internet_gateway",
                        "aws_route_table.main_vpc_route_table"
                    ],
                    "primary": {
                        "id": "r-rtb-049d7c84f3e4e03d21080289494",
                        "attributes": {
                            "destination_cidr_block": "0.0.0.0/0",
                            "destination_prefix_list_id": "",
                            "egress_only_gateway_id": "",
                            "gateway_id": "igw-073c6a184ecb71a24",
                            "id": "r-rtb-049d7c84f3e4e03d21080289494",
                            "instance_id": "",
                            "instance_owner_id": "",
                            "nat_gateway_id": "",
                            "network_interface_id": "",
                            "origin": "CreateRoute",
                            "route_table_id": "rtb-049d7c84f3e4e03d2",
                            "state": "active",
                            "transit_gateway_id": "",
                            "vpc_peering_connection_id": ""
                        },
                        "meta": {
                            "e2bfb730-ecaa-11e6-8f88-34363bc7c4c0": {
                                "create": 120000000000,
                                "delete": 300000000000
                            }
                        },
                        "tainted": false
                    },
                    "deposed": [],
                    "provider": "provider.aws"
                },
                "aws_route_table.main_vpc_route_table": {
                    "type": "aws_route_table",
                    "depends_on": [
                        "aws_vpc.main_vpc"
                    ],
                    "primary": {
                        "id": "rtb-049d7c84f3e4e03d2",
                        "attributes": {
                            "id": "rtb-049d7c84f3e4e03d2",
                            "owner_id": "966181838821",
                            "propagating_vgws.#": "0",
                            "route.#": "0",
                            "tags.%": "0",
                            "vpc_id": "vpc-0665376716caef1c5"
                        },
                        "meta": {},
                        "tainted": false
                    },
                    "deposed": [],
                    "provider": "provider.aws"
                },
                "aws_route_table_association.main_vpc_subnet_1_association": {
                    "type": "aws_route_table_association",
                    "depends_on": [
                        "aws_route_table.main_vpc_route_table",
                        "aws_subnet.main_vpc_subnet_1"
                    ],
                    "primary": {
                        "id": "rtbassoc-0ebe59cf5f4fd5373",
                        "attributes": {
                            "id": "rtbassoc-0ebe59cf5f4fd5373",
                            "route_table_id": "rtb-049d7c84f3e4e03d2",
                            "subnet_id": "subnet-0e8cc654b41aa85e0"
                        },
                        "meta": {},
                        "tainted": false
                    },
                    "deposed": [],
                    "provider": "provider.aws"
                },
                "aws_route_table_association.main_vpc_subnet_2_association": {
                    "type": "aws_route_table_association",
                    "depends_on": [
                        "aws_route_table.main_vpc_route_table",
                        "aws_subnet.main_vpc_subnet_2"
                    ],
                    "primary": {
                        "id": "rtbassoc-096495c086648b6b9",
                        "attributes": {
                            "id": "rtbassoc-096495c086648b6b9",
                            "route_table_id": "rtb-049d7c84f3e4e03d2",
                            "subnet_id": "subnet-07058e64d2a125cc1"
                        },
                        "meta": {},
                        "tainted": false
                    },
                    "deposed": [],
                    "provider": "provider.aws"
                },
                "aws_security_group.allow_ssh_security_group": {
                    "type": "aws_security_group",
                    "depends_on": [
                        "aws_vpc.main_vpc"
                    ],
                    "primary": {
                        "id": "sg-094e604dd820bac6b",
                        "attributes": {
                            "arn": "arn:aws:ec2:us-east-1:966181838821:security-group/sg-094e604dd820bac6b",
                            "description": "Allow inbound ssh connection",
                            "egress.#": "0",
                            "id": "sg-094e604dd820bac6b",
                            "ingress.#": "0",
                            "name": "allow_ssh",
                            "owner_id": "966181838821",
                            "revoke_rules_on_delete": "false",
                            "tags.%": "0",
                            "vpc_id": "vpc-0665376716caef1c5"
                        },
                        "meta": {
                            "e2bfb730-ecaa-11e6-8f88-34363bc7c4c0": {
                                "create": 600000000000,
                                "delete": 600000000000
                            },
                            "schema_version": "1"
                        },
                        "tainted": false
                    },
                    "deposed": [],
                    "provider": "provider.aws"
                },
                "aws_security_group_rule.allow_ssh_rule": {
                    "type": "aws_security_group_rule",
                    "depends_on": [
                        "aws_security_group.allow_ssh_security_group"
                    ],
                    "primary": {
                        "id": "sgrule-1832793905",
                        "attributes": {
                            "cidr_blocks.#": "1",
                            "cidr_blocks.0": "0.0.0.0/0",
                            "from_port": "0",
                            "id": "sgrule-1832793905",
                            "protocol": "tcp",
                            "security_group_id": "sg-094e604dd820bac6b",
                            "self": "false",
                            "to_port": "22",
                            "type": "ingress"
                        },
                        "meta": {
                            "schema_version": "2"
                        },
                        "tainted": false
                    },
                    "deposed": [],
                    "provider": "provider.aws"
                },
                "aws_sns_topic.sample_cpu_sns": {
                    "type": "aws_sns_topic",
                    "depends_on": [],
                    "primary": {
                        "id": "arn:aws:sns:us-east-1:966181838821:sample_cpu_sns",
                        "attributes": {
                            "application_failure_feedback_role_arn": "",
                            "application_success_feedback_role_arn": "",
                            "application_success_feedback_sample_rate": "0",
                            "arn": "arn:aws:sns:us-east-1:966181838821:sample_cpu_sns",
                            "delivery_policy": "",
                            "display_name": "Sample Autoscaling SNS Topic",
                            "http_failure_feedback_role_arn": "",
                            "http_success_feedback_role_arn": "",
                            "http_success_feedback_sample_rate": "0",
                            "id": "arn:aws:sns:us-east-1:966181838821:sample_cpu_sns",
                            "kms_master_key_id": "",
                            "lambda_failure_feedback_role_arn": "",
                            "lambda_success_feedback_role_arn": "",
                            "lambda_success_feedback_sample_rate": "0",
                            "name": "sample_cpu_sns",
                            "policy": "{\"Version\":\"2008-10-17\",\"Id\":\"__default_policy_ID\",\"Statement\":[{\"Sid\":\"__default_statement_ID\",\"Effect\":\"Allow\",\"Principal\":{\"AWS\":\"*\"},\"Action\":[\"SNS:GetTopicAttributes\",\"SNS:SetTopicAttributes\",\"SNS:AddPermission\",\"SNS:RemovePermission\",\"SNS:DeleteTopic\",\"SNS:Subscribe\",\"SNS:ListSubscriptionsByTopic\",\"SNS:Publish\",\"SNS:Receive\"],\"Resource\":\"arn:aws:sns:us-east-1:966181838821:sample_cpu_sns\",\"Condition\":{\"StringEquals\":{\"AWS:SourceOwner\":\"966181838821\"}}}]}",
                            "sqs_failure_feedback_role_arn": "",
                            "sqs_success_feedback_role_arn": "",
                            "sqs_success_feedback_sample_rate": "0"
                        },
                        "meta": {},
                        "tainted": false
                    },
                    "deposed": [],
                    "provider": "provider.aws"
                },
                "aws_subnet.main_vpc_subnet_1": {
                    "type": "aws_subnet",
                    "depends_on": [
                        "aws_vpc.main_vpc"
                    ],
                    "primary": {
                        "id": "subnet-0e8cc654b41aa85e0",
                        "attributes": {
                            "arn": "arn:aws:ec2:us-east-1:966181838821:subnet/subnet-0e8cc654b41aa85e0",
                            "assign_ipv6_address_on_creation": "false",
                            "availability_zone": "us-east-1a",
                            "availability_zone_id": "use1-az4",
                            "cidr_block": "10.0.1.0/24",
                            "id": "subnet-0e8cc654b41aa85e0",
                            "ipv6_cidr_block": "",
                            "ipv6_cidr_block_association_id": "",
                            "map_public_ip_on_launch": "true",
                            "owner_id": "966181838821",
                            "tags.%": "0",
                            "vpc_id": "vpc-0665376716caef1c5"
                        },
                        "meta": {
                            "e2bfb730-ecaa-11e6-8f88-34363bc7c4c0": {
                                "create": 600000000000,
                                "delete": 600000000000
                            },
                            "schema_version": "1"
                        },
                        "tainted": false
                    },
                    "deposed": [],
                    "provider": "provider.aws"
                },
                "aws_subnet.main_vpc_subnet_2": {
                    "type": "aws_subnet",
                    "depends_on": [
                        "aws_vpc.main_vpc"
                    ],
                    "primary": {
                        "id": "subnet-07058e64d2a125cc1",
                        "attributes": {
                            "arn": "arn:aws:ec2:us-east-1:966181838821:subnet/subnet-07058e64d2a125cc1",
                            "assign_ipv6_address_on_creation": "false",
                            "availability_zone": "us-east-1b",
                            "availability_zone_id": "use1-az6",
                            "cidr_block": "10.0.2.0/24",
                            "id": "subnet-07058e64d2a125cc1",
                            "ipv6_cidr_block": "",
                            "ipv6_cidr_block_association_id": "",
                            "map_public_ip_on_launch": "true",
                            "owner_id": "966181838821",
                            "tags.%": "0",
                            "vpc_id": "vpc-0665376716caef1c5"
                        },
                        "meta": {
                            "e2bfb730-ecaa-11e6-8f88-34363bc7c4c0": {
                                "create": 600000000000,
                                "delete": 600000000000
                            },
                            "schema_version": "1"
                        },
                        "tainted": false
                    },
                    "deposed": [],
                    "provider": "provider.aws"
                },
                "aws_vpc.main_vpc": {
                    "type": "aws_vpc",
                    "depends_on": [],
                    "primary": {
                        "id": "vpc-0665376716caef1c5",
                        "attributes": {
                            "arn": "arn:aws:ec2:us-east-1:966181838821:vpc/vpc-0665376716caef1c5",
                            "assign_generated_ipv6_cidr_block": "false",
                            "cidr_block": "10.0.0.0/16",
                            "default_network_acl_id": "acl-0cb676fd66414c89a",
                            "default_route_table_id": "rtb-0e796b8d234e8679b",
                            "default_security_group_id": "sg-08093a5aa5a3390cd",
                            "dhcp_options_id": "dopt-5394172a",
                            "enable_classiclink": "false",
                            "enable_classiclink_dns_support": "false",
                            "enable_dns_hostnames": "true",
                            "enable_dns_support": "true",
                            "id": "vpc-0665376716caef1c5",
                            "instance_tenancy": "default",
                            "ipv6_association_id": "",
                            "ipv6_cidr_block": "",
                            "main_route_table_id": "rtb-0e796b8d234e8679b",
                            "owner_id": "966181838821",
                            "tags.%": "0"
                        },
                        "meta": {
                            "schema_version": "1"
                        },
                        "tainted": false
                    },
                    "deposed": [],
                    "provider": "provider.aws"
                }
            },
            "depends_on": []
        }
    ]
}
