{
    "version": 3,
    "terraform_version": "0.11.11",
    "serial": 38,
    "lineage": "01fe1ab2-8d54-eecd-37cb-53b774f27df6",
    "modules": [
        {
            "path": [
                "root"
            ],
            "outputs": {},
            "resources": {
                "aws_autoscaling_attachment.attach_web_elb": {
                    "type": "aws_autoscaling_attachment",
                    "depends_on": [
                        "aws_autoscaling_group.web_scaling_group",
                        "aws_elb.web_elb"
                    ],
                    "primary": {
                        "id": "web_scaling_group-20190313160800745600000001",
                        "attributes": {
                            "autoscaling_group_name": "web_scaling_group",
                            "elb": "web-elb",
                            "id": "web_scaling_group-20190313160800745600000001"
                        },
                        "meta": {},
                        "tainted": false
                    },
                    "deposed": [],
                    "provider": "provider.aws"
                },
                "aws_autoscaling_group.web_scaling_group": {
                    "type": "aws_autoscaling_group",
                    "depends_on": [
                        "aws_launch_configuration.web_launch_config",
                        "aws_subnet.public_subnet_1",
                        "aws_subnet.public_subnet_2"
                    ],
                    "primary": {
                        "id": "web_scaling_group",
                        "attributes": {
                            "arn": "arn:aws:autoscaling:us-east-1:966181838821:autoScalingGroup:9a3c7b12-ac22-45a3-a198-5bb31f8e15c2:autoScalingGroupName/web_scaling_group",
                            "availability_zones.#": "2",
                            "availability_zones.1305112097": "us-east-1b",
                            "availability_zones.3569565595": "us-east-1a",
                            "default_cooldown": "300",
                            "desired_capacity": "2",
                            "enabled_metrics.#": "0",
                            "force_delete": "true",
                            "health_check_grace_period": "300",
                            "health_check_type": "ELB",
                            "id": "web_scaling_group",
                            "launch_configuration": "web_launch_config",
                            "launch_template.#": "0",
                            "load_balancers.#": "0",
                            "max_size": "4",
                            "metrics_granularity": "1Minute",
                            "min_size": "2",
                            "mixed_instances_policy.#": "0",
                            "name": "web_scaling_group",
                            "placement_group": "",
                            "protect_from_scale_in": "false",
                            "service_linked_role_arn": "arn:aws:iam::966181838821:role/aws-service-role/autoscaling.amazonaws.com/AWSServiceRoleForAutoScaling",
                            "suspended_processes.#": "0",
                            "tag.#": "0",
                            "target_group_arns.#": "0",
                            "termination_policies.#": "0",
                            "vpc_zone_identifier.#": "2",
                            "vpc_zone_identifier.1118222897": "subnet-0e007338afd983159",
                            "vpc_zone_identifier.2312673383": "subnet-01845529a7fe8daf4",
                            "wait_for_capacity_timeout": "10m"
                        },
                        "meta": {
                            "e2bfb730-ecaa-11e6-8f88-34363bc7c4c0": {
                                "delete": 600000000000
                            }
                        },
                        "tainted": false
                    },
                    "deposed": [],
                    "provider": "provider.aws"
                },
                "aws_autoscaling_policy.web_scaling_policy": {
                    "type": "aws_autoscaling_policy",
                    "depends_on": [
                        "aws_autoscaling_group.web_scaling_group"
                    ],
                    "primary": {
                        "id": "web_scaling_policy",
                        "attributes": {
                            "adjustment_type": "ChangeInCapacity",
                            "arn": "arn:aws:autoscaling:us-east-1:966181838821:scalingPolicy:d791fe0b-eac5-42bf-ab87-c462b21025bf:autoScalingGroupName/web_scaling_group:policyName/web_scaling_policy",
                            "autoscaling_group_name": "web_scaling_group",
                            "cooldown": "300",
                            "estimated_instance_warmup": "0",
                            "id": "web_scaling_policy",
                            "metric_aggregation_type": "",
                            "name": "web_scaling_policy",
                            "policy_type": "SimpleScaling",
                            "scaling_adjustment": "1",
                            "step_adjustment.#": "0",
                            "target_tracking_configuration.#": "0"
                        },
                        "meta": {},
                        "tainted": false
                    },
                    "deposed": [],
                    "provider": "provider.aws"
                },
                "aws_cloudtrail.web_trail": {
                    "type": "aws_cloudtrail",
                    "depends_on": [
                        "aws_s3_bucket.logging_bucket"
                    ],
                    "primary": {
                        "id": "web_trail",
                        "attributes": {
                            "arn": "arn:aws:cloudtrail:us-east-1:966181838821:trail/web_trail",
                            "cloud_watch_logs_group_arn": "",
                            "cloud_watch_logs_role_arn": "",
                            "enable_log_file_validation": "false",
                            "enable_logging": "true",
                            "event_selector.#": "0",
                            "home_region": "us-east-1",
                            "id": "web_trail",
                            "include_global_service_events": "true",
                            "is_multi_region_trail": "false",
                            "is_organization_trail": "false",
                            "kms_key_id": "",
                            "name": "web_trail",
                            "s3_bucket_name": "logging-bucket-08710",
                            "s3_key_prefix": "",
                            "sns_topic_name": "",
                            "tags.%": "1",
                            "tags.Name": "web-cloud-trail"
                        },
                        "meta": {},
                        "tainted": false
                    },
                    "deposed": [],
                    "provider": "provider.aws"
                },
                "aws_elb.web_elb": {
                    "type": "aws_elb",
                    "depends_on": [
                        "aws_subnet.public_subnet_1",
                        "aws_subnet.public_subnet_2"
                    ],
                    "primary": {
                        "id": "web-elb",
                        "attributes": {
                            "access_logs.#": "0",
                            "arn": "arn:aws:elasticloadbalancing:us-east-1:966181838821:loadbalancer/web-elb",
                            "availability_zones.#": "2",
                            "availability_zones.1305112097": "us-east-1b",
                            "availability_zones.3569565595": "us-east-1a",
                            "connection_draining": "true",
                            "connection_draining_timeout": "300",
                            "cross_zone_load_balancing": "true",
                            "dns_name": "web-elb-1997300232.us-east-1.elb.amazonaws.com",
                            "health_check.#": "1",
                            "health_check.0.healthy_threshold": "2",
                            "health_check.0.interval": "30",
                            "health_check.0.target": "HTTP:80/",
                            "health_check.0.timeout": "3",
                            "health_check.0.unhealthy_threshold": "2",
                            "id": "web-elb",
                            "idle_timeout": "60",
                            "instances.#": "0",
                            "internal": "false",
                            "listener.#": "1",
                            "listener.3057123346.instance_port": "80",
                            "listener.3057123346.instance_protocol": "http",
                            "listener.3057123346.lb_port": "80",
                            "listener.3057123346.lb_protocol": "http",
                            "listener.3057123346.ssl_certificate_id": "",
                            "name": "web-elb",
                            "security_groups.#": "1",
                            "security_groups.1598654841": "sg-040785112b662e61f",
                            "source_security_group": "966181838821/default",
                            "source_security_group_id": "sg-040785112b662e61f",
                            "subnets.#": "2",
                            "subnets.1118222897": "subnet-0e007338afd983159",
                            "subnets.2312673383": "subnet-01845529a7fe8daf4",
                            "tags.%": "0",
                            "zone_id": "Z35SXDOTRQ7X7K"
                        },
                        "meta": {},
                        "tainted": false
                    },
                    "deposed": [],
                    "provider": "provider.aws"
                },
                "aws_internet_gateway.main_vpc_internet_gateway": {
                    "type": "aws_internet_gateway",
                    "depends_on": [
                        "aws_vpc.main_vpc"
                    ],
                    "primary": {
                        "id": "igw-0fdd266a1e0fa8f5a",
                        "attributes": {
                            "id": "igw-0fdd266a1e0fa8f5a",
                            "owner_id": "966181838821",
                            "tags.%": "1",
                            "tags.Name": "main-vpc-internet-gateway",
                            "vpc_id": "vpc-0cb41660bac5c2ed3"
                        },
                        "meta": {},
                        "tainted": false
                    },
                    "deposed": [],
                    "provider": "provider.aws"
                },
                "aws_key_pair.my_key": {
                    "type": "aws_key_pair",
                    "depends_on": [],
                    "primary": {
                        "id": "my_key",
                        "attributes": {
                            "fingerprint": "66:16:69:36:37:a4:cb:28:de:1c:f0:4b:ba:92:6d:f6",
                            "id": "my_key",
                            "key_name": "my_key",
                            "public_key": "ssh-rsa AAAAB3NzaC1yc2EAAAADAQABAAABAQDbS+b+lupPNGxbYiLMBXBozh1ZT2ot1ODQsUHHfVVvOV5oZF+4e1OlV+sCEtDocg0r1N8HPmMoMFgShNZpRah82UxuGMa4+MjavAH1IybX9hPTmTMN6oUyH0mSPMrQx22EYr42arM0kZU0frvOGXmZRfgal+oZimM4m9iSreOeLKAEnU/4GsHrZ1u3eXp1KT5xXBDT5+NgjKfdmOLf664wJhv78uFO3MxrO1YDTCgQaGZfa+WrmTQ6JKUejP0KsE5Ll2nUQPamjhrc2AHe1amZa02+SBSa/y0LuB8sCB00lJUBdNC0Uab/Ehd8IMG+Uh6vHthen3v5t3Nx9VFGJ7BZ monkies@devops-ubuntu-server"
                        },
                        "meta": {
                            "schema_version": "1"
                        },
                        "tainted": false
                    },
                    "deposed": [],
                    "provider": "provider.aws"
                },
                "aws_launch_configuration.web_launch_config": {
                    "type": "aws_launch_configuration",
                    "depends_on": [
                        "aws_key_pair.my_key",
                        "data.aws_ami.ubuntu"
                    ],
                    "primary": {
                        "id": "web_launch_config",
                        "attributes": {
                            "associate_public_ip_address": "false",
                            "ebs_block_device.#": "0",
                            "ebs_optimized": "false",
                            "enable_monitoring": "true",
                            "ephemeral_block_device.#": "0",
                            "iam_instance_profile": "",
                            "id": "web_launch_config",
                            "image_id": "ami-0a313d6098716f372",
                            "instance_type": "t2.micro",
                            "key_name": "my_key",
                            "name": "web_launch_config",
                            "placement_tenancy": "default",
                            "root_block_device.#": "0",
                            "security_groups.#": "0",
                            "spot_price": "",
                            "vpc_classic_link_id": "",
                            "vpc_classic_link_security_groups.#": "0"
                        },
                        "meta": {},
                        "tainted": false
                    },
                    "deposed": [],
                    "provider": "provider.aws"
                },
                "aws_route.main_vpc_public_route": {
                    "type": "aws_route",
                    "depends_on": [
                        "aws_internet_gateway.main_vpc_internet_gateway",
                        "aws_route_table.main_vpc_route_table"
                    ],
                    "primary": {
                        "id": "r-rtb-052419ac6cafdc6491080289494",
                        "attributes": {
                            "destination_cidr_block": "0.0.0.0/0",
                            "destination_prefix_list_id": "",
                            "egress_only_gateway_id": "",
                            "gateway_id": "igw-0fdd266a1e0fa8f5a",
                            "id": "r-rtb-052419ac6cafdc6491080289494",
                            "instance_id": "",
                            "instance_owner_id": "",
                            "nat_gateway_id": "",
                            "network_interface_id": "",
                            "origin": "CreateRoute",
                            "route_table_id": "rtb-052419ac6cafdc649",
                            "state": "active",
                            "transit_gateway_id": "",
                            "vpc_peering_connection_id": ""
                        },
                        "meta": {
                            "e2bfb730-ecaa-11e6-8f88-34363bc7c4c0": {
                                "create": 120000000000,
                                "delete": 300000000000
                            }
                        },
                        "tainted": false
                    },
                    "deposed": [],
                    "provider": "provider.aws"
                },
                "aws_route_table.main_vpc_route_table": {
                    "type": "aws_route_table",
                    "depends_on": [
                        "aws_vpc.main_vpc"
                    ],
                    "primary": {
                        "id": "rtb-052419ac6cafdc649",
                        "attributes": {
                            "id": "rtb-052419ac6cafdc649",
                            "owner_id": "966181838821",
                            "propagating_vgws.#": "0",
                            "route.#": "0",
                            "tags.%": "1",
                            "tags.Name": "main-vpc-route-table",
                            "vpc_id": "vpc-0cb41660bac5c2ed3"
                        },
                        "meta": {},
                        "tainted": false
                    },
                    "deposed": [],
                    "provider": "provider.aws"
                },
                "aws_route_table_association.associate_public_routes": {
                    "type": "aws_route_table_association",
                    "depends_on": [
                        "aws_route_table.main_vpc_route_table",
                        "aws_subnet.public_subnet_1"
                    ],
                    "primary": {
                        "id": "rtbassoc-0f6206abe2495f557",
                        "attributes": {
                            "id": "rtbassoc-0f6206abe2495f557",
                            "route_table_id": "rtb-052419ac6cafdc649",
                            "subnet_id": "subnet-01845529a7fe8daf4"
                        },
                        "meta": {},
                        "tainted": false
                    },
                    "deposed": [],
                    "provider": "provider.aws"
                },
                "aws_route_table_association.main_vpc_public_route_2": {
                    "type": "aws_route_table_association",
                    "depends_on": [
                        "aws_route_table.main_vpc_route_table",
                        "aws_subnet.public_subnet_2"
                    ],
                    "primary": {
                        "id": "rtbassoc-044092733517e4edc",
                        "attributes": {
                            "id": "rtbassoc-044092733517e4edc",
                            "route_table_id": "rtb-052419ac6cafdc649",
                            "subnet_id": "subnet-0e007338afd983159"
                        },
                        "meta": {},
                        "tainted": false
                    },
                    "deposed": [],
                    "provider": "provider.aws"
                },
                "aws_s3_bucket.logging_bucket": {
                    "type": "aws_s3_bucket",
                    "depends_on": [],
                    "primary": {
                        "id": "logging-bucket-08710",
                        "attributes": {
                            "acceleration_status": "",
                            "acl": "private",
                            "arn": "arn:aws:s3:::logging-bucket-08710",
                            "bucket": "logging-bucket-08710",
                            "bucket_domain_name": "logging-bucket-08710.s3.amazonaws.com",
                            "bucket_regional_domain_name": "logging-bucket-08710.s3.amazonaws.com",
                            "cors_rule.#": "0",
                            "force_destroy": "true",
                            "hosted_zone_id": "Z3AQBSTGFYJSTF",
                            "id": "logging-bucket-08710",
                            "lifecycle_rule.#": "0",
                            "logging.#": "0",
                            "object_lock_configuration.#": "0",
                            "policy": "{\"Statement\":[{\"Action\":\"s3:GetBucketAcl\",\"Effect\":\"Allow\",\"Principal\":{\"Service\":\"cloudtrail.amazonaws.com\"},\"Resource\":\"arn:aws:s3:::logging-bucket-08710\",\"Sid\":\"AWSCloudTrailAclCheck\"},{\"Action\":\"s3:PutObject\",\"Condition\":{\"StringEquals\":{\"s3:x-amz-acl\":\"bucket-owner-full-control\"}},\"Effect\":\"Allow\",\"Principal\":{\"Service\":\"cloudtrail.amazonaws.com\"},\"Resource\":\"arn:aws:s3:::logging-bucket-08710/*\",\"Sid\":\"AWSCloudTrailWrite\"}],\"Version\":\"2012-10-17\"}",
                            "region": "us-east-1",
                            "replication_configuration.#": "0",
                            "request_payer": "BucketOwner",
                            "server_side_encryption_configuration.#": "0",
                            "tags.%": "1",
                            "tags.Name": "logging-bucket",
                            "versioning.#": "1",
                            "versioning.0.enabled": "false",
                            "versioning.0.mfa_delete": "false",
                            "website.#": "0"
                        },
                        "meta": {},
                        "tainted": false
                    },
                    "deposed": [],
                    "provider": "provider.aws"
                },
                "aws_security_group.allow_http": {
                    "type": "aws_security_group",
                    "depends_on": [
                        "aws_vpc.main_vpc"
                    ],
                    "primary": {
                        "id": "sg-0fbb6f4fa17bb919d",
                        "attributes": {
                            "arn": "arn:aws:ec2:us-east-1:966181838821:security-group/sg-0fbb6f4fa17bb919d",
                            "description": "Allow incoming traffic to http servers",
                            "egress.#": "0",
                            "id": "sg-0fbb6f4fa17bb919d",
                            "ingress.#": "1",
                            "ingress.2995531591.cidr_blocks.#": "1",
                            "ingress.2995531591.cidr_blocks.0": "0.0.0.0/0",
                            "ingress.2995531591.description": "",
                            "ingress.2995531591.from_port": "0",
                            "ingress.2995531591.ipv6_cidr_blocks.#": "0",
                            "ingress.2995531591.prefix_list_ids.#": "0",
                            "ingress.2995531591.protocol": "tcp",
                            "ingress.2995531591.security_groups.#": "0",
                            "ingress.2995531591.self": "false",
                            "ingress.2995531591.to_port": "80",
                            "name": "allow-http",
                            "owner_id": "966181838821",
                            "revoke_rules_on_delete": "false",
                            "tags.%": "1",
                            "tags.Name": "allow-http-inbound",
                            "vpc_id": "vpc-0cb41660bac5c2ed3"
                        },
                        "meta": {
                            "e2bfb730-ecaa-11e6-8f88-34363bc7c4c0": {
                                "create": 600000000000,
                                "delete": 600000000000
                            },
                            "schema_version": "1"
                        },
                        "tainted": false
                    },
                    "deposed": [],
                    "provider": "provider.aws"
                },
                "aws_security_group.allow_ssh": {
                    "type": "aws_security_group",
                    "depends_on": [
                        "aws_vpc.main_vpc"
                    ],
                    "primary": {
                        "id": "sg-0c82530c13de2330f",
                        "attributes": {
                            "arn": "arn:aws:ec2:us-east-1:966181838821:security-group/sg-0c82530c13de2330f",
                            "description": "Allow all incoming SSH traffic",
                            "egress.#": "1",
                            "egress.482069346.cidr_blocks.#": "1",
                            "egress.482069346.cidr_blocks.0": "0.0.0.0/0",
                            "egress.482069346.description": "",
                            "egress.482069346.from_port": "0",
                            "egress.482069346.ipv6_cidr_blocks.#": "0",
                            "egress.482069346.prefix_list_ids.#": "0",
                            "egress.482069346.protocol": "-1",
                            "egress.482069346.security_groups.#": "0",
                            "egress.482069346.self": "false",
                            "egress.482069346.to_port": "0",
                            "id": "sg-0c82530c13de2330f",
                            "ingress.#": "1",
                            "ingress.1911780872.cidr_blocks.#": "1",
                            "ingress.1911780872.cidr_blocks.0": "0.0.0.0/0",
                            "ingress.1911780872.description": "",
                            "ingress.1911780872.from_port": "0",
                            "ingress.1911780872.ipv6_cidr_blocks.#": "0",
                            "ingress.1911780872.prefix_list_ids.#": "0",
                            "ingress.1911780872.protocol": "tcp",
                            "ingress.1911780872.security_groups.#": "0",
                            "ingress.1911780872.self": "false",
                            "ingress.1911780872.to_port": "22",
                            "name": "allow_all",
                            "owner_id": "966181838821",
                            "revoke_rules_on_delete": "false",
                            "tags.%": "1",
                            "tags.Name": "allow-ssh-sg",
                            "vpc_id": "vpc-0cb41660bac5c2ed3"
                        },
                        "meta": {
                            "e2bfb730-ecaa-11e6-8f88-34363bc7c4c0": {
                                "create": 600000000000,
                                "delete": 600000000000
                            },
                            "schema_version": "1"
                        },
                        "tainted": false
                    },
                    "deposed": [],
                    "provider": "provider.aws"
                },
                "aws_subnet.private_subnet_1": {
                    "type": "aws_subnet",
                    "depends_on": [
                        "aws_vpc.main_vpc"
                    ],
                    "primary": {
                        "id": "subnet-07ef4aec94965ebf1",
                        "attributes": {
                            "arn": "arn:aws:ec2:us-east-1:966181838821:subnet/subnet-07ef4aec94965ebf1",
                            "assign_ipv6_address_on_creation": "false",
                            "availability_zone": "us-east-1c",
                            "availability_zone_id": "use1-az1",
                            "cidr_block": "10.0.3.0/24",
                            "id": "subnet-07ef4aec94965ebf1",
                            "ipv6_cidr_block": "",
                            "ipv6_cidr_block_association_id": "",
                            "map_public_ip_on_launch": "false",
                            "owner_id": "966181838821",
                            "tags.%": "1",
                            "tags.Name": "main-vpc-private-subnet-1",
                            "vpc_id": "vpc-0cb41660bac5c2ed3"
                        },
                        "meta": {
                            "e2bfb730-ecaa-11e6-8f88-34363bc7c4c0": {
                                "create": 600000000000,
                                "delete": 600000000000
                            },
                            "schema_version": "1"
                        },
                        "tainted": false
                    },
                    "deposed": [],
                    "provider": "provider.aws"
                },
                "aws_subnet.private_subnet_2": {
                    "type": "aws_subnet",
                    "depends_on": [
                        "aws_vpc.main_vpc"
                    ],
                    "primary": {
                        "id": "subnet-0e2c6d48039ae8750",
                        "attributes": {
                            "arn": "arn:aws:ec2:us-east-1:966181838821:subnet/subnet-0e2c6d48039ae8750",
                            "assign_ipv6_address_on_creation": "false",
                            "availability_zone": "us-east-1d",
                            "availability_zone_id": "use1-az2",
                            "cidr_block": "10.0.4.0/24",
                            "id": "subnet-0e2c6d48039ae8750",
                            "ipv6_cidr_block": "",
                            "ipv6_cidr_block_association_id": "",
                            "map_public_ip_on_launch": "false",
                            "owner_id": "966181838821",
                            "tags.%": "1",
                            "tags.Name": "main-vpc-private-subnet-2",
                            "vpc_id": "vpc-0cb41660bac5c2ed3"
                        },
                        "meta": {
                            "e2bfb730-ecaa-11e6-8f88-34363bc7c4c0": {
                                "create": 600000000000,
                                "delete": 600000000000
                            },
                            "schema_version": "1"
                        },
                        "tainted": false
                    },
                    "deposed": [],
                    "provider": "provider.aws"
                },
                "aws_subnet.public_subnet_1": {
                    "type": "aws_subnet",
                    "depends_on": [
                        "aws_vpc.main_vpc"
                    ],
                    "primary": {
                        "id": "subnet-01845529a7fe8daf4",
                        "attributes": {
                            "arn": "arn:aws:ec2:us-east-1:966181838821:subnet/subnet-01845529a7fe8daf4",
                            "assign_ipv6_address_on_creation": "false",
                            "availability_zone": "us-east-1a",
                            "availability_zone_id": "use1-az4",
                            "cidr_block": "10.0.1.0/24",
                            "id": "subnet-01845529a7fe8daf4",
                            "ipv6_cidr_block": "",
                            "ipv6_cidr_block_association_id": "",
                            "map_public_ip_on_launch": "true",
                            "owner_id": "966181838821",
                            "tags.%": "1",
                            "tags.Name": "main-vpc-public-subnet-1",
                            "vpc_id": "vpc-0cb41660bac5c2ed3"
                        },
                        "meta": {
                            "e2bfb730-ecaa-11e6-8f88-34363bc7c4c0": {
                                "create": 600000000000,
                                "delete": 600000000000
                            },
                            "schema_version": "1"
                        },
                        "tainted": false
                    },
                    "deposed": [],
                    "provider": "provider.aws"
                },
                "aws_subnet.public_subnet_2": {
                    "type": "aws_subnet",
                    "depends_on": [
                        "aws_vpc.main_vpc"
                    ],
                    "primary": {
                        "id": "subnet-0e007338afd983159",
                        "attributes": {
                            "arn": "arn:aws:ec2:us-east-1:966181838821:subnet/subnet-0e007338afd983159",
                            "assign_ipv6_address_on_creation": "false",
                            "availability_zone": "us-east-1b",
                            "availability_zone_id": "use1-az6",
                            "cidr_block": "10.0.2.0/24",
                            "id": "subnet-0e007338afd983159",
                            "ipv6_cidr_block": "",
                            "ipv6_cidr_block_association_id": "",
                            "map_public_ip_on_launch": "true",
                            "owner_id": "966181838821",
                            "tags.%": "1",
                            "tags.Name": "main-vpc-public-subnet-2",
                            "vpc_id": "vpc-0cb41660bac5c2ed3"
                        },
                        "meta": {
                            "e2bfb730-ecaa-11e6-8f88-34363bc7c4c0": {
                                "create": 600000000000,
                                "delete": 600000000000
                            },
                            "schema_version": "1"
                        },
                        "tainted": false
                    },
                    "deposed": [],
                    "provider": "provider.aws"
                },
                "aws_vpc.main_vpc": {
                    "type": "aws_vpc",
                    "depends_on": [],
                    "primary": {
                        "id": "vpc-0cb41660bac5c2ed3",
                        "attributes": {
                            "arn": "arn:aws:ec2:us-east-1:966181838821:vpc/vpc-0cb41660bac5c2ed3",
                            "assign_generated_ipv6_cidr_block": "false",
                            "cidr_block": "10.0.0.0/16",
                            "default_network_acl_id": "acl-01ae4163d02898e77",
                            "default_route_table_id": "rtb-07808f77270d45d66",
                            "default_security_group_id": "sg-040785112b662e61f",
                            "dhcp_options_id": "dopt-5394172a",
                            "enable_classiclink": "false",
                            "enable_classiclink_dns_support": "false",
                            "enable_dns_hostnames": "true",
                            "enable_dns_support": "true",
                            "id": "vpc-0cb41660bac5c2ed3",
                            "instance_tenancy": "default",
                            "ipv6_association_id": "",
                            "ipv6_cidr_block": "",
                            "main_route_table_id": "rtb-07808f77270d45d66",
                            "owner_id": "966181838821",
                            "tags.%": "1",
                            "tags.Name": "public-vpc"
                        },
                        "meta": {
                            "schema_version": "1"
                        },
                        "tainted": false
                    },
                    "deposed": [],
                    "provider": "provider.aws"
                },
                "data.aws_ami.ubuntu": {
                    "type": "aws_ami",
                    "depends_on": [],
                    "primary": {
                        "id": "ami-0a313d6098716f372",
                        "attributes": {
                            "architecture": "x86_64",
                            "block_device_mappings.#": "3",
                            "block_device_mappings.1634610537.device_name": "/dev/sdb",
                            "block_device_mappings.1634610537.ebs.%": "0",
                            "block_device_mappings.1634610537.no_device": "",
                            "block_device_mappings.1634610537.virtual_name": "ephemeral0",
                            "block_device_mappings.2547816212.device_name": "/dev/sda1",
                            "block_device_mappings.2547816212.ebs.%": "6",
                            "block_device_mappings.2547816212.ebs.delete_on_termination": "true",
                            "block_device_mappings.2547816212.ebs.encrypted": "false",
                            "block_device_mappings.2547816212.ebs.iops": "0",
                            "block_device_mappings.2547816212.ebs.snapshot_id": "snap-0b1f84f810682b7bf",
                            "block_device_mappings.2547816212.ebs.volume_size": "8",
                            "block_device_mappings.2547816212.ebs.volume_type": "gp2",
                            "block_device_mappings.2547816212.no_device": "",
                            "block_device_mappings.2547816212.virtual_name": "",
                            "block_device_mappings.3850042718.device_name": "/dev/sdc",
                            "block_device_mappings.3850042718.ebs.%": "0",
                            "block_device_mappings.3850042718.no_device": "",
                            "block_device_mappings.3850042718.virtual_name": "ephemeral1",
                            "creation_date": "2019-02-13T12:48:22.000Z",
                            "description": "Canonical, Ubuntu, 18.04 LTS, amd64 bionic image build on 2019-02-12",
                            "filter.#": "2",
                            "filter.490168357.name": "virtualization-type",
                            "filter.490168357.values.#": "1",
                            "filter.490168357.values.0": "hvm",
                            "filter.942818600.name": "name",
                            "filter.942818600.values.#": "1",
                            "filter.942818600.values.0": "ubuntu/images/hvm-ssd/ubuntu-bionic-18.04-amd64-server-*",
                            "hypervisor": "xen",
                            "id": "ami-0a313d6098716f372",
                            "image_id": "ami-0a313d6098716f372",
                            "image_location": "099720109477/ubuntu/images/hvm-ssd/ubuntu-bionic-18.04-amd64-server-20190212.1",
                            "image_type": "machine",
                            "most_recent": "true",
                            "name": "ubuntu/images/hvm-ssd/ubuntu-bionic-18.04-amd64-server-20190212.1",
                            "owner_id": "099720109477",
                            "owners.#": "1",
                            "owners.0": "099720109477",
                            "product_codes.#": "0",
                            "public": "true",
                            "root_device_name": "/dev/sda1",
                            "root_device_type": "ebs",
                            "root_snapshot_id": "snap-0b1f84f810682b7bf",
                            "sriov_net_support": "simple",
                            "state": "available",
                            "state_reason.%": "2",
                            "state_reason.code": "UNSET",
                            "state_reason.message": "UNSET",
                            "tags.%": "0",
                            "virtualization_type": "hvm"
                        },
                        "meta": {},
                        "tainted": false
                    },
                    "deposed": [],
                    "provider": "provider.aws"
                }
            },
            "depends_on": []
        }
    ]
}
