{
    "version": 3,
    "terraform_version": "0.11.7",
    "serial": 1,
    "lineage": "a9e16686-9773-c7fe-011f-4af08c167f16",
    "modules": [
        {
            "path": [
                "root"
            ],
            "outputs": {},
            "resources": {
                "aws_instance.public_ec2": {
                    "type": "aws_instance",
                    "depends_on": [
                        "aws_key_pair.my_key_pair",
                        "aws_security_group.allow_ssh",
                        "aws_subnet.main_public_1"
                    ],
                    "primary": {
                        "id": "i-008fe575776bd3527",
                        "attributes": {
                            "ami": "ami-0d729a60",
                            "arn": "arn:aws:ec2:us-east-1:966181838821:instance/i-008fe575776bd3527",
                            "associate_public_ip_address": "true",
                            "availability_zone": "us-east-1a",
                            "cpu_core_count": "1",
                            "cpu_threads_per_core": "1",
                            "credit_specification.#": "1",
                            "credit_specification.0.cpu_credits": "standard",
                            "disable_api_termination": "false",
                            "ebs_block_device.#": "0",
                            "ebs_optimized": "false",
                            "ephemeral_block_device.#": "0",
                            "get_password_data": "false",
                            "iam_instance_profile": "",
                            "id": "i-008fe575776bd3527",
                            "instance_state": "running",
                            "instance_type": "t2.micro",
                            "ipv6_addresses.#": "0",
                            "key_name": "my_key_pair",
                            "monitoring": "false",
                            "network_interface.#": "0",
                            "network_interface_id": "eni-03f77c450d6a1a12f",
                            "password_data": "",
                            "placement_group": "",
                            "primary_network_interface_id": "eni-03f77c450d6a1a12f",
                            "private_dns": "ip-10-0-1-39.ec2.internal",
                            "private_ip": "10.0.1.39",
                            "public_dns": "ec2-54-91-4-51.compute-1.amazonaws.com",
                            "public_ip": "54.91.4.51",
                            "root_block_device.#": "1",
                            "root_block_device.0.delete_on_termination": "true",
                            "root_block_device.0.iops": "0",
                            "root_block_device.0.volume_id": "vol-0cab41bc5e60826cb",
                            "root_block_device.0.volume_size": "8",
                            "root_block_device.0.volume_type": "standard",
                            "security_groups.#": "0",
                            "source_dest_check": "true",
                            "subnet_id": "subnet-0ea6a646c87c54e5f",
                            "tags.%": "2",
                            "tags.Name": "Public-EC2",
                            "tags.Type": "test",
                            "tenancy": "default",
                            "volume_tags.%": "0",
                            "vpc_security_group_ids.#": "1",
                            "vpc_security_group_ids.1785786885": "sg-06b7e20cad1adaa78"
                        },
                        "meta": {
                            "e2bfb730-ecaa-11e6-8f88-34363bc7c4c0": {
                                "create": 600000000000,
                                "delete": 1200000000000,
                                "update": 600000000000
                            },
                            "schema_version": "1"
                        },
                        "tainted": false
                    },
                    "deposed": [],
                    "provider": "provider.aws"
                },
                "aws_internet_gateway.main_gateway": {
                    "type": "aws_internet_gateway",
                    "depends_on": [
                        "aws_vpc.main"
                    ],
                    "primary": {
                        "id": "igw-0cea8235198ba12f0",
                        "attributes": {
                            "id": "igw-0cea8235198ba12f0",
                            "owner_id": "966181838821",
                            "tags.%": "2",
                            "tags.Name": "main-public-gateway",
                            "tags.Type": "test",
                            "vpc_id": "vpc-0426d935536ab196a"
                        },
                        "meta": {},
                        "tainted": false
                    },
                    "deposed": [],
                    "provider": "provider.aws"
                },
                "aws_key_pair.my_key_pair": {
                    "type": "aws_key_pair",
                    "depends_on": [],
                    "primary": {
                        "id": "my_key_pair",
                        "attributes": {
                            "fingerprint": "b0:05:4b:82:e9:a2:5c:66:dd:95:a3:6a:02:cb:96:6d",
                            "id": "my_key_pair",
                            "key_name": "my_key_pair",
                            "public_key": "ssh-rsa AAAAB3NzaC1yc2EAAAADAQABAAABAQDGLJJp0+bjvyEMlN+mNr2DobCFG9dsce94ZLYO+R4UV89AEdXf5XwVwnr06HS7Ce7zCruYwOvdmkHAwiHresHPgtW5ZznbNmF4KkJgskT2fuDd+Hsenpug+y/d0MwV4ok45Eaq5tzbp/41RQvhNGPZKLTqm0tLo/brBBY2zM+PBADBV8ex9gNTj8n+WZFIXVMn/EWFPTbRwZR89Z1L/mUxHC+IE26GVTyHRJgrN3umZhV0lZr62ry9pMIx5uLM0QZV61fOkHqApx6aXl09my9DQnq6U7peaT7Q7r5tSCQVKx9Jwd1Z+30hjVyB2eVUFmvTdq7bdGWhSPEik/8xaLOJ vagrant@ubuntu-xenial"
                        },
                        "meta": {
                            "schema_version": "1"
                        },
                        "tainted": false
                    },
                    "deposed": [],
                    "provider": "provider.aws"
                },
                "aws_route_table.main_public_route_table": {
                    "type": "aws_route_table",
                    "depends_on": [
                        "aws_internet_gateway.main_gateway",
                        "aws_vpc.main"
                    ],
                    "primary": {
                        "id": "rtb-0dcb4248298c38c42",
                        "attributes": {
                            "id": "rtb-0dcb4248298c38c42",
                            "owner_id": "966181838821",
                            "propagating_vgws.#": "0",
                            "route.#": "1",
                            "route.1411543264.cidr_block": "0.0.0.0/0",
                            "route.1411543264.egress_only_gateway_id": "",
                            "route.1411543264.gateway_id": "igw-0cea8235198ba12f0",
                            "route.1411543264.instance_id": "",
                            "route.1411543264.ipv6_cidr_block": "",
                            "route.1411543264.nat_gateway_id": "",
                            "route.1411543264.network_interface_id": "",
                            "route.1411543264.transit_gateway_id": "",
                            "route.1411543264.vpc_peering_connection_id": "",
                            "tags.%": "2",
                            "tags.Name": "main-public-route-table",
                            "tags.Type": "Test",
                            "vpc_id": "vpc-0426d935536ab196a"
                        },
                        "meta": {},
                        "tainted": false
                    },
                    "deposed": [],
                    "provider": "provider.aws"
                },
                "aws_route_table_association.main_public_1_route_association": {
                    "type": "aws_route_table_association",
                    "depends_on": [
                        "aws_route_table.main_public_route_table",
                        "aws_subnet.main_public_1"
                    ],
                    "primary": {
                        "id": "rtbassoc-0aadc20f7be16ced1",
                        "attributes": {
                            "id": "rtbassoc-0aadc20f7be16ced1",
                            "route_table_id": "rtb-0dcb4248298c38c42",
                            "subnet_id": "subnet-0ea6a646c87c54e5f"
                        },
                        "meta": {},
                        "tainted": false
                    },
                    "deposed": [],
                    "provider": "provider.aws"
                },
                "aws_route_table_association.main_public_2_route_association": {
                    "type": "aws_route_table_association",
                    "depends_on": [
                        "aws_route_table.main_public_route_table",
                        "aws_subnet.main_public_2"
                    ],
                    "primary": {
                        "id": "rtbassoc-0acaeaffff1f6e874",
                        "attributes": {
                            "id": "rtbassoc-0acaeaffff1f6e874",
                            "route_table_id": "rtb-0dcb4248298c38c42",
                            "subnet_id": "subnet-0a8bae2eb28d9fd47"
                        },
                        "meta": {},
                        "tainted": false
                    },
                    "deposed": [],
                    "provider": "provider.aws"
                },
                "aws_route_table_association.main_public_3_route_association": {
                    "type": "aws_route_table_association",
                    "depends_on": [
                        "aws_route_table.main_public_route_table",
                        "aws_subnet.main_public_3"
                    ],
                    "primary": {
                        "id": "rtbassoc-04387e5d93e86ced3",
                        "attributes": {
                            "id": "rtbassoc-04387e5d93e86ced3",
                            "route_table_id": "rtb-0dcb4248298c38c42",
                            "subnet_id": "subnet-0219d808bc3a9c282"
                        },
                        "meta": {},
                        "tainted": false
                    },
                    "deposed": [],
                    "provider": "provider.aws"
                },
                "aws_security_group.allow_ssh": {
                    "type": "aws_security_group",
                    "depends_on": [
                        "aws_vpc.main"
                    ],
                    "primary": {
                        "id": "sg-06b7e20cad1adaa78",
                        "attributes": {
                            "arn": "arn:aws:ec2:us-east-1:966181838821:security-group/sg-06b7e20cad1adaa78",
                            "description": "Security Group to allow all incoming  SSH traffic and outgoing traffic",
                            "egress.#": "1",
                            "egress.482069346.cidr_blocks.#": "1",
                            "egress.482069346.cidr_blocks.0": "0.0.0.0/0",
                            "egress.482069346.description": "",
                            "egress.482069346.from_port": "0",
                            "egress.482069346.ipv6_cidr_blocks.#": "0",
                            "egress.482069346.prefix_list_ids.#": "0",
                            "egress.482069346.protocol": "-1",
                            "egress.482069346.security_groups.#": "0",
                            "egress.482069346.self": "false",
                            "egress.482069346.to_port": "0",
                            "id": "sg-06b7e20cad1adaa78",
                            "ingress.#": "1",
                            "ingress.1911780872.cidr_blocks.#": "1",
                            "ingress.1911780872.cidr_blocks.0": "0.0.0.0/0",
                            "ingress.1911780872.description": "",
                            "ingress.1911780872.from_port": "0",
                            "ingress.1911780872.ipv6_cidr_blocks.#": "0",
                            "ingress.1911780872.prefix_list_ids.#": "0",
                            "ingress.1911780872.protocol": "tcp",
                            "ingress.1911780872.security_groups.#": "0",
                            "ingress.1911780872.self": "false",
                            "ingress.1911780872.to_port": "22",
                            "name": "allow_ssh",
                            "owner_id": "966181838821",
                            "revoke_rules_on_delete": "false",
                            "tags.%": "2",
                            "tags.Name": "allow-ssh",
                            "tags.Type": "test",
                            "vpc_id": "vpc-0426d935536ab196a"
                        },
                        "meta": {
                            "e2bfb730-ecaa-11e6-8f88-34363bc7c4c0": {
                                "create": 600000000000,
                                "delete": 600000000000
                            },
                            "schema_version": "1"
                        },
                        "tainted": false
                    },
                    "deposed": [],
                    "provider": "provider.aws"
                },
                "aws_subnet.main_private_1": {
                    "type": "aws_subnet",
                    "depends_on": [
                        "aws_vpc.main"
                    ],
                    "primary": {
                        "id": "subnet-08e05b1055751a177",
                        "attributes": {
                            "arn": "arn:aws:ec2:us-east-1:966181838821:subnet/subnet-08e05b1055751a177",
                            "assign_ipv6_address_on_creation": "false",
                            "availability_zone": "us-east-1d",
                            "availability_zone_id": "use1-az2",
                            "cidr_block": "10.0.4.0/24",
                            "id": "subnet-08e05b1055751a177",
                            "ipv6_cidr_block": "",
                            "ipv6_cidr_block_association_id": "",
                            "map_public_ip_on_launch": "false",
                            "owner_id": "966181838821",
                            "tags.%": "2",
                            "tags.Name": "main-private-1",
                            "tags.Type": "test",
                            "vpc_id": "vpc-0426d935536ab196a"
                        },
                        "meta": {
                            "e2bfb730-ecaa-11e6-8f88-34363bc7c4c0": {
                                "create": 600000000000,
                                "delete": 600000000000
                            },
                            "schema_version": "1"
                        },
                        "tainted": false
                    },
                    "deposed": [],
                    "provider": "provider.aws"
                },
                "aws_subnet.main_private_2": {
                    "type": "aws_subnet",
                    "depends_on": [
                        "aws_vpc.main"
                    ],
                    "primary": {
                        "id": "subnet-0f9ea2dddb8630366",
                        "attributes": {
                            "arn": "arn:aws:ec2:us-east-1:966181838821:subnet/subnet-0f9ea2dddb8630366",
                            "assign_ipv6_address_on_creation": "false",
                            "availability_zone": "us-east-1e",
                            "availability_zone_id": "use1-az3",
                            "cidr_block": "10.0.5.0/24",
                            "id": "subnet-0f9ea2dddb8630366",
                            "ipv6_cidr_block": "",
                            "ipv6_cidr_block_association_id": "",
                            "map_public_ip_on_launch": "false",
                            "owner_id": "966181838821",
                            "tags.%": "2",
                            "tags.Name": "main-private-2",
                            "tags.Type": "test",
                            "vpc_id": "vpc-0426d935536ab196a"
                        },
                        "meta": {
                            "e2bfb730-ecaa-11e6-8f88-34363bc7c4c0": {
                                "create": 600000000000,
                                "delete": 600000000000
                            },
                            "schema_version": "1"
                        },
                        "tainted": false
                    },
                    "deposed": [],
                    "provider": "provider.aws"
                },
                "aws_subnet.main_private_3": {
                    "type": "aws_subnet",
                    "depends_on": [
                        "aws_vpc.main"
                    ],
                    "primary": {
                        "id": "subnet-003e2c027e24e6253",
                        "attributes": {
                            "arn": "arn:aws:ec2:us-east-1:966181838821:subnet/subnet-003e2c027e24e6253",
                            "assign_ipv6_address_on_creation": "false",
                            "availability_zone": "us-east-1f",
                            "availability_zone_id": "use1-az5",
                            "cidr_block": "10.0.6.0/24",
                            "id": "subnet-003e2c027e24e6253",
                            "ipv6_cidr_block": "",
                            "ipv6_cidr_block_association_id": "",
                            "map_public_ip_on_launch": "false",
                            "owner_id": "966181838821",
                            "tags.%": "2",
                            "tags.Name": "main-private-3",
                            "tags.Type": "test",
                            "vpc_id": "vpc-0426d935536ab196a"
                        },
                        "meta": {
                            "e2bfb730-ecaa-11e6-8f88-34363bc7c4c0": {
                                "create": 600000000000,
                                "delete": 600000000000
                            },
                            "schema_version": "1"
                        },
                        "tainted": false
                    },
                    "deposed": [],
                    "provider": "provider.aws"
                },
                "aws_subnet.main_public_1": {
                    "type": "aws_subnet",
                    "depends_on": [
                        "aws_vpc.main"
                    ],
                    "primary": {
                        "id": "subnet-0ea6a646c87c54e5f",
                        "attributes": {
                            "arn": "arn:aws:ec2:us-east-1:966181838821:subnet/subnet-0ea6a646c87c54e5f",
                            "assign_ipv6_address_on_creation": "false",
                            "availability_zone": "us-east-1a",
                            "availability_zone_id": "use1-az4",
                            "cidr_block": "10.0.1.0/24",
                            "id": "subnet-0ea6a646c87c54e5f",
                            "ipv6_cidr_block": "",
                            "ipv6_cidr_block_association_id": "",
                            "map_public_ip_on_launch": "true",
                            "owner_id": "966181838821",
                            "tags.%": "2",
                            "tags.Name": "main-public-1",
                            "tags.Type": "Test",
                            "vpc_id": "vpc-0426d935536ab196a"
                        },
                        "meta": {
                            "e2bfb730-ecaa-11e6-8f88-34363bc7c4c0": {
                                "create": 600000000000,
                                "delete": 600000000000
                            },
                            "schema_version": "1"
                        },
                        "tainted": false
                    },
                    "deposed": [],
                    "provider": "provider.aws"
                },
                "aws_subnet.main_public_2": {
                    "type": "aws_subnet",
                    "depends_on": [
                        "aws_vpc.main"
                    ],
                    "primary": {
                        "id": "subnet-0a8bae2eb28d9fd47",
                        "attributes": {
                            "arn": "arn:aws:ec2:us-east-1:966181838821:subnet/subnet-0a8bae2eb28d9fd47",
                            "assign_ipv6_address_on_creation": "false",
                            "availability_zone": "us-east-1b",
                            "availability_zone_id": "use1-az6",
                            "cidr_block": "10.0.2.0/24",
                            "id": "subnet-0a8bae2eb28d9fd47",
                            "ipv6_cidr_block": "",
                            "ipv6_cidr_block_association_id": "",
                            "map_public_ip_on_launch": "true",
                            "owner_id": "966181838821",
                            "tags.%": "2",
                            "tags.Name": "main-public-2",
                            "tags.Type": "test",
                            "vpc_id": "vpc-0426d935536ab196a"
                        },
                        "meta": {
                            "e2bfb730-ecaa-11e6-8f88-34363bc7c4c0": {
                                "create": 600000000000,
                                "delete": 600000000000
                            },
                            "schema_version": "1"
                        },
                        "tainted": false
                    },
                    "deposed": [],
                    "provider": "provider.aws"
                },
                "aws_subnet.main_public_3": {
                    "type": "aws_subnet",
                    "depends_on": [
                        "aws_vpc.main"
                    ],
                    "primary": {
                        "id": "subnet-0219d808bc3a9c282",
                        "attributes": {
                            "arn": "arn:aws:ec2:us-east-1:966181838821:subnet/subnet-0219d808bc3a9c282",
                            "assign_ipv6_address_on_creation": "false",
                            "availability_zone": "us-east-1c",
                            "availability_zone_id": "use1-az1",
                            "cidr_block": "10.0.3.0/24",
                            "id": "subnet-0219d808bc3a9c282",
                            "ipv6_cidr_block": "",
                            "ipv6_cidr_block_association_id": "",
                            "map_public_ip_on_launch": "true",
                            "owner_id": "966181838821",
                            "tags.%": "2",
                            "tags.Name": "main-public-3",
                            "tags.Type": "test",
                            "vpc_id": "vpc-0426d935536ab196a"
                        },
                        "meta": {
                            "e2bfb730-ecaa-11e6-8f88-34363bc7c4c0": {
                                "create": 600000000000,
                                "delete": 600000000000
                            },
                            "schema_version": "1"
                        },
                        "tainted": false
                    },
                    "deposed": [],
                    "provider": "provider.aws"
                },
                "aws_vpc.main": {
                    "type": "aws_vpc",
                    "depends_on": [],
                    "primary": {
                        "id": "vpc-0426d935536ab196a",
                        "attributes": {
                            "arn": "arn:aws:ec2:us-east-1:966181838821:vpc/vpc-0426d935536ab196a",
                            "assign_generated_ipv6_cidr_block": "false",
                            "cidr_block": "10.0.0.0/16",
                            "default_network_acl_id": "acl-076c1a730b52d90c8",
                            "default_route_table_id": "rtb-096342a54cbe8d786",
                            "default_security_group_id": "sg-01bbf145ffa5fc7d4",
                            "dhcp_options_id": "dopt-5394172a",
                            "enable_classiclink": "false",
                            "enable_classiclink_dns_support": "false",
                            "enable_dns_hostnames": "true",
                            "enable_dns_support": "true",
                            "id": "vpc-0426d935536ab196a",
                            "instance_tenancy": "default",
                            "ipv6_association_id": "",
                            "ipv6_cidr_block": "",
                            "main_route_table_id": "rtb-096342a54cbe8d786",
                            "owner_id": "966181838821",
                            "tags.%": "2",
                            "tags.Name": "main",
                            "tags.Type": "test"
                        },
                        "meta": {
                            "schema_version": "1"
                        },
                        "tainted": false
                    },
                    "deposed": [],
                    "provider": "provider.aws"
                }
            },
            "depends_on": []
        }
    ]
}
