{
    "version": 3,
    "terraform_version": "0.11.11",
    "serial": 23,
    "lineage": "fb86a085-aef2-0020-0f5e-6782fc09b9f5",
    "modules": [
        {
            "path": [
                "root"
            ],
            "outputs": {
                "stage_public_ip": {
                    "sensitive": false,
                    "type": "string",
                    "value": "3.89.245.116"
                }
            },
            "resources": {},
            "depends_on": []
        },
        {
            "path": [
                "root",
                "staging"
            ],
            "outputs": {
                "instance_public_ip": {
                    "sensitive": false,
                    "type": "string",
                    "value": "3.89.245.116"
                }
            },
            "resources": {
                "aws_instance.create_instance": {
                    "type": "aws_instance",
                    "depends_on": [
                        "aws_key_pair.my_key_pair",
                        "aws_security_group.allow_ssh",
                        "aws_subnet.main_vpc_public_subnet_1",
                        "aws_subnet.main_vpc_public_subnet_2"
                    ],
                    "primary": {
                        "id": "i-00b9ca47b207825e0",
                        "attributes": {
                            "ami": "ami-0e20aa616a87117f0",
                            "arn": "arn:aws:ec2:us-east-1:966181838821:instance/i-00b9ca47b207825e0",
                            "associate_public_ip_address": "true",
                            "availability_zone": "us-east-1a",
                            "cpu_core_count": "1",
                            "cpu_threads_per_core": "1",
                            "credit_specification.#": "1",
                            "credit_specification.0.cpu_credits": "standard",
                            "disable_api_termination": "false",
                            "ebs_block_device.#": "0",
                            "ebs_optimized": "false",
                            "ephemeral_block_device.#": "0",
                            "get_password_data": "false",
                            "iam_instance_profile": "",
                            "id": "i-00b9ca47b207825e0",
                            "instance_state": "running",
                            "instance_type": "t2.micro",
                            "ipv6_addresses.#": "0",
                            "key_name": "my_key",
                            "monitoring": "false",
                            "network_interface.#": "0",
                            "network_interface_id": "eni-00b13a9857a8f8b5d",
                            "password_data": "",
                            "placement_group": "",
                            "primary_network_interface_id": "eni-00b13a9857a8f8b5d",
                            "private_dns": "ip-10-0-1-252.ec2.internal",
                            "private_ip": "10.0.1.252",
                            "public_dns": "ec2-3-89-245-116.compute-1.amazonaws.com",
                            "public_ip": "3.89.245.116",
                            "root_block_device.#": "1",
                            "root_block_device.0.delete_on_termination": "true",
                            "root_block_device.0.iops": "0",
                            "root_block_device.0.volume_id": "vol-04b51503737731527",
                            "root_block_device.0.volume_size": "8",
                            "root_block_device.0.volume_type": "standard",
                            "security_groups.#": "0",
                            "source_dest_check": "true",
                            "subnet_id": "subnet-06633f097bf62f406",
                            "tags.%": "0",
                            "tenancy": "default",
                            "volume_tags.%": "0",
                            "vpc_security_group_ids.#": "1",
                            "vpc_security_group_ids.1043041632": "sg-05ce4dfe90303d53d"
                        },
                        "meta": {
                            "e2bfb730-ecaa-11e6-8f88-34363bc7c4c0": {
                                "create": 600000000000,
                                "delete": 1200000000000,
                                "update": 600000000000
                            },
                            "schema_version": "1"
                        },
                        "tainted": false
                    },
                    "deposed": [],
                    "provider": "module.staging.provider.aws"
                },
                "aws_internet_gateway.main_vpc_internet_gateway": {
                    "type": "aws_internet_gateway",
                    "depends_on": [
                        "aws_vpc.main_vpc"
                    ],
                    "primary": {
                        "id": "igw-0f39457310adcc2c0",
                        "attributes": {
                            "id": "igw-0f39457310adcc2c0",
                            "owner_id": "966181838821",
                            "tags.%": "1",
                            "tags.name": "main-vpc-internet-gateway",
                            "vpc_id": "vpc-0181739627255f9d3"
                        },
                        "meta": {},
                        "tainted": false
                    },
                    "deposed": [],
                    "provider": "module.staging.provider.aws"
                },
                "aws_key_pair.my_key_pair": {
                    "type": "aws_key_pair",
                    "depends_on": [],
                    "primary": {
                        "id": "my_key",
                        "attributes": {
                            "fingerprint": "0f:b3:1e:93:87:2d:66:94:44:10:1b:7d:44:e4:4d:99",
                            "id": "my_key",
                            "key_name": "my_key",
                            "public_key": "ssh-rsa AAAAB3NzaC1yc2EAAAADAQABAAABAQCv/e5T6KicgRjbaqVqMmh1VUBgQFEz2tTcUoTwiXXspmSgLHvWw+WamILGqawkteZW3EY6iZ277TosIDuMuBFsBwvCb9781YdQn15F+v2ZdGLl4MZRIKxlyUeEm7ePUbyRHj7ewCxheTu5E2cZ1uxHxDW6Ryq+aa48IZZcr0NJIRAHYcCIJNjBtTgEExNemM1dgVGNH+ptGpqy/WxC2653IaLQh3UNoCKgS4xO0pUqwwV4H7V+fxxftxNn739jke8NPYgBsrk0Qob9TZmclXyzjlNLZ6SDeJFHYIFTAfQZsHwTnIn/tn/yt7KzRDugqY5GEY1EGVMGMIwb0Bar/E5F root@devops-ubuntu-server"
                        },
                        "meta": {
                            "schema_version": "1"
                        },
                        "tainted": false
                    },
                    "deposed": [],
                    "provider": "module.staging.provider.aws"
                },
                "aws_route.main_vpc_internet_access": {
                    "type": "aws_route",
                    "depends_on": [
                        "aws_internet_gateway.main_vpc_internet_gateway",
                        "aws_route_table.main_vpc_route_table"
                    ],
                    "primary": {
                        "id": "r-rtb-048442d7fdec5acef1080289494",
                        "attributes": {
                            "destination_cidr_block": "0.0.0.0/0",
                            "destination_prefix_list_id": "",
                            "egress_only_gateway_id": "",
                            "gateway_id": "igw-0f39457310adcc2c0",
                            "id": "r-rtb-048442d7fdec5acef1080289494",
                            "instance_id": "",
                            "instance_owner_id": "",
                            "nat_gateway_id": "",
                            "network_interface_id": "",
                            "origin": "CreateRoute",
                            "route_table_id": "rtb-048442d7fdec5acef",
                            "state": "active",
                            "transit_gateway_id": "",
                            "vpc_peering_connection_id": ""
                        },
                        "meta": {
                            "e2bfb730-ecaa-11e6-8f88-34363bc7c4c0": {
                                "create": 120000000000,
                                "delete": 300000000000
                            }
                        },
                        "tainted": false
                    },
                    "deposed": [],
                    "provider": "module.staging.provider.aws"
                },
                "aws_route_table.main_vpc_route_table": {
                    "type": "aws_route_table",
                    "depends_on": [
                        "aws_vpc.main_vpc"
                    ],
                    "primary": {
                        "id": "rtb-048442d7fdec5acef",
                        "attributes": {
                            "id": "rtb-048442d7fdec5acef",
                            "owner_id": "966181838821",
                            "propagating_vgws.#": "0",
                            "route.#": "0",
                            "tags.%": "1",
                            "tags.name": "main-vpc-route-table",
                            "vpc_id": "vpc-0181739627255f9d3"
                        },
                        "meta": {},
                        "tainted": false
                    },
                    "deposed": [],
                    "provider": "module.staging.provider.aws"
                },
                "aws_route_table_association.main_vpc_public_subnet_1_internet_access": {
                    "type": "aws_route_table_association",
                    "depends_on": [
                        "aws_route_table.main_vpc_route_table",
                        "aws_subnet.main_vpc_public_subnet_1"
                    ],
                    "primary": {
                        "id": "rtbassoc-0261e474db125acaa",
                        "attributes": {
                            "id": "rtbassoc-0261e474db125acaa",
                            "route_table_id": "rtb-048442d7fdec5acef",
                            "subnet_id": "subnet-06633f097bf62f406"
                        },
                        "meta": {},
                        "tainted": false
                    },
                    "deposed": [],
                    "provider": "module.staging.provider.aws"
                },
                "aws_route_table_association.main_vpc_public_subnet_2_internet_access": {
                    "type": "aws_route_table_association",
                    "depends_on": [
                        "aws_route_table.main_vpc_route_table",
                        "aws_subnet.main_vpc_public_subnet_2"
                    ],
                    "primary": {
                        "id": "rtbassoc-0509d823b7d4bc39f",
                        "attributes": {
                            "id": "rtbassoc-0509d823b7d4bc39f",
                            "route_table_id": "rtb-048442d7fdec5acef",
                            "subnet_id": "subnet-0af6313d3166981e1"
                        },
                        "meta": {},
                        "tainted": false
                    },
                    "deposed": [],
                    "provider": "module.staging.provider.aws"
                },
                "aws_security_group.allow_ssh": {
                    "type": "aws_security_group",
                    "depends_on": [
                        "aws_vpc.main_vpc"
                    ],
                    "primary": {
                        "id": "sg-05ce4dfe90303d53d",
                        "attributes": {
                            "arn": "arn:aws:ec2:us-east-1:966181838821:security-group/sg-05ce4dfe90303d53d",
                            "description": "Managed by Terraform",
                            "egress.#": "1",
                            "egress.482069346.cidr_blocks.#": "1",
                            "egress.482069346.cidr_blocks.0": "0.0.0.0/0",
                            "egress.482069346.description": "",
                            "egress.482069346.from_port": "0",
                            "egress.482069346.ipv6_cidr_blocks.#": "0",
                            "egress.482069346.prefix_list_ids.#": "0",
                            "egress.482069346.protocol": "-1",
                            "egress.482069346.security_groups.#": "0",
                            "egress.482069346.self": "false",
                            "egress.482069346.to_port": "0",
                            "id": "sg-05ce4dfe90303d53d",
                            "ingress.#": "1",
                            "ingress.2541437006.cidr_blocks.#": "1",
                            "ingress.2541437006.cidr_blocks.0": "0.0.0.0/0",
                            "ingress.2541437006.description": "",
                            "ingress.2541437006.from_port": "22",
                            "ingress.2541437006.ipv6_cidr_blocks.#": "0",
                            "ingress.2541437006.prefix_list_ids.#": "0",
                            "ingress.2541437006.protocol": "tcp",
                            "ingress.2541437006.security_groups.#": "0",
                            "ingress.2541437006.self": "false",
                            "ingress.2541437006.to_port": "22",
                            "name": "allow_ssh",
                            "owner_id": "966181838821",
                            "revoke_rules_on_delete": "false",
                            "tags.%": "1",
                            "tags.name": "main-vpc-allow-ssh",
                            "vpc_id": "vpc-0181739627255f9d3"
                        },
                        "meta": {
                            "e2bfb730-ecaa-11e6-8f88-34363bc7c4c0": {
                                "create": 600000000000,
                                "delete": 600000000000
                            },
                            "schema_version": "1"
                        },
                        "tainted": false
                    },
                    "deposed": [],
                    "provider": "module.staging.provider.aws"
                },
                "aws_subnet.main_vpc_private_subnet_1": {
                    "type": "aws_subnet",
                    "depends_on": [
                        "aws_vpc.main_vpc"
                    ],
                    "primary": {
                        "id": "subnet-023e55f2ee408a077",
                        "attributes": {
                            "arn": "arn:aws:ec2:us-east-1:966181838821:subnet/subnet-023e55f2ee408a077",
                            "assign_ipv6_address_on_creation": "false",
                            "availability_zone": "us-east-1c",
                            "availability_zone_id": "use1-az1",
                            "cidr_block": "10.0.3.0/24",
                            "id": "subnet-023e55f2ee408a077",
                            "ipv6_cidr_block": "",
                            "ipv6_cidr_block_association_id": "",
                            "map_public_ip_on_launch": "false",
                            "owner_id": "966181838821",
                            "tags.%": "1",
                            "tags.name": "main-vpc-private-subnet-1",
                            "vpc_id": "vpc-0181739627255f9d3"
                        },
                        "meta": {
                            "e2bfb730-ecaa-11e6-8f88-34363bc7c4c0": {
                                "create": 600000000000,
                                "delete": 600000000000
                            },
                            "schema_version": "1"
                        },
                        "tainted": false
                    },
                    "deposed": [],
                    "provider": "module.staging.provider.aws"
                },
                "aws_subnet.main_vpc_private_subnet_2": {
                    "type": "aws_subnet",
                    "depends_on": [
                        "aws_vpc.main_vpc"
                    ],
                    "primary": {
                        "id": "subnet-07e0a83fce0b03380",
                        "attributes": {
                            "arn": "arn:aws:ec2:us-east-1:966181838821:subnet/subnet-07e0a83fce0b03380",
                            "assign_ipv6_address_on_creation": "false",
                            "availability_zone": "us-east-1d",
                            "availability_zone_id": "use1-az2",
                            "cidr_block": "10.0.4.0/24",
                            "id": "subnet-07e0a83fce0b03380",
                            "ipv6_cidr_block": "",
                            "ipv6_cidr_block_association_id": "",
                            "map_public_ip_on_launch": "false",
                            "owner_id": "966181838821",
                            "tags.%": "1",
                            "tags.name": "main-vpc-private-subnet-2",
                            "vpc_id": "vpc-0181739627255f9d3"
                        },
                        "meta": {
                            "e2bfb730-ecaa-11e6-8f88-34363bc7c4c0": {
                                "create": 600000000000,
                                "delete": 600000000000
                            },
                            "schema_version": "1"
                        },
                        "tainted": false
                    },
                    "deposed": [],
                    "provider": "module.staging.provider.aws"
                },
                "aws_subnet.main_vpc_public_subnet_1": {
                    "type": "aws_subnet",
                    "depends_on": [
                        "aws_vpc.main_vpc"
                    ],
                    "primary": {
                        "id": "subnet-06633f097bf62f406",
                        "attributes": {
                            "arn": "arn:aws:ec2:us-east-1:966181838821:subnet/subnet-06633f097bf62f406",
                            "assign_ipv6_address_on_creation": "false",
                            "availability_zone": "us-east-1a",
                            "availability_zone_id": "use1-az4",
                            "cidr_block": "10.0.1.0/24",
                            "id": "subnet-06633f097bf62f406",
                            "ipv6_cidr_block": "",
                            "ipv6_cidr_block_association_id": "",
                            "map_public_ip_on_launch": "true",
                            "owner_id": "966181838821",
                            "tags.%": "1",
                            "tags.name": "main-vpc-public-subnet-1",
                            "vpc_id": "vpc-0181739627255f9d3"
                        },
                        "meta": {
                            "e2bfb730-ecaa-11e6-8f88-34363bc7c4c0": {
                                "create": 600000000000,
                                "delete": 600000000000
                            },
                            "schema_version": "1"
                        },
                        "tainted": false
                    },
                    "deposed": [],
                    "provider": "module.staging.provider.aws"
                },
                "aws_subnet.main_vpc_public_subnet_2": {
                    "type": "aws_subnet",
                    "depends_on": [
                        "aws_vpc.main_vpc"
                    ],
                    "primary": {
                        "id": "subnet-0af6313d3166981e1",
                        "attributes": {
                            "arn": "arn:aws:ec2:us-east-1:966181838821:subnet/subnet-0af6313d3166981e1",
                            "assign_ipv6_address_on_creation": "false",
                            "availability_zone": "us-east-1b",
                            "availability_zone_id": "use1-az6",
                            "cidr_block": "10.0.2.0/24",
                            "id": "subnet-0af6313d3166981e1",
                            "ipv6_cidr_block": "",
                            "ipv6_cidr_block_association_id": "",
                            "map_public_ip_on_launch": "true",
                            "owner_id": "966181838821",
                            "tags.%": "1",
                            "tags.name": "main-vpc-public-subnet-2",
                            "vpc_id": "vpc-0181739627255f9d3"
                        },
                        "meta": {
                            "e2bfb730-ecaa-11e6-8f88-34363bc7c4c0": {
                                "create": 600000000000,
                                "delete": 600000000000
                            },
                            "schema_version": "1"
                        },
                        "tainted": false
                    },
                    "deposed": [],
                    "provider": "module.staging.provider.aws"
                },
                "aws_vpc.main_vpc": {
                    "type": "aws_vpc",
                    "depends_on": [],
                    "primary": {
                        "id": "vpc-0181739627255f9d3",
                        "attributes": {
                            "arn": "arn:aws:ec2:us-east-1:966181838821:vpc/vpc-0181739627255f9d3",
                            "assign_generated_ipv6_cidr_block": "false",
                            "cidr_block": "10.0.0.0/16",
                            "default_network_acl_id": "acl-056d3aca4820d430c",
                            "default_route_table_id": "rtb-08c000fbe40b0cf8d",
                            "default_security_group_id": "sg-0852af976a6cc80a1",
                            "dhcp_options_id": "dopt-5394172a",
                            "enable_classiclink": "false",
                            "enable_classiclink_dns_support": "false",
                            "enable_dns_hostnames": "true",
                            "enable_dns_support": "true",
                            "id": "vpc-0181739627255f9d3",
                            "instance_tenancy": "default",
                            "ipv6_association_id": "",
                            "ipv6_cidr_block": "",
                            "main_route_table_id": "rtb-08c000fbe40b0cf8d",
                            "owner_id": "966181838821",
                            "tags.%": "1",
                            "tags.name": "main-vpc"
                        },
                        "meta": {
                            "schema_version": "1"
                        },
                        "tainted": false
                    },
                    "deposed": [],
                    "provider": "module.staging.provider.aws"
                }
            },
            "depends_on": []
        }
    ]
}
