{
    "version": 3,
    "terraform_version": "0.11.11",
    "serial": 2,
    "lineage": "bfdd4112-15e9-a381-c4b3-ab4ba81ad4fd",
    "modules": [
        {
            "path": [
                "root"
            ],
            "outputs": {},
            "resources": {
                "aws_internet_gateway.main_vpc_internet_gateway": {
                    "type": "aws_internet_gateway",
                    "depends_on": [
                        "aws_vpc.main_vpc"
                    ],
                    "primary": {
                        "id": "igw-036f2186a1a6185a1",
                        "attributes": {
                            "id": "igw-036f2186a1a6185a1",
                            "owner_id": "966181838821",
                            "tags.%": "1",
                            "tags.name": "main-vpc-internet-gateway",
                            "vpc_id": "vpc-06d5886a7cd96d5b1"
                        },
                        "meta": {},
                        "tainted": false
                    },
                    "deposed": [],
                    "provider": "provider.aws"
                },
                "aws_route.main_vpc_internet_access": {
                    "type": "aws_route",
                    "depends_on": [
                        "aws_internet_gateway.main_vpc_internet_gateway",
                        "aws_route_table.main_vpc_route_table"
                    ],
                    "primary": {
                        "id": "r-rtb-0f553627e92fd98161080289494",
                        "attributes": {
                            "destination_cidr_block": "0.0.0.0/0",
                            "destination_prefix_list_id": "",
                            "egress_only_gateway_id": "",
                            "gateway_id": "igw-036f2186a1a6185a1",
                            "id": "r-rtb-0f553627e92fd98161080289494",
                            "instance_id": "",
                            "instance_owner_id": "",
                            "nat_gateway_id": "",
                            "network_interface_id": "",
                            "origin": "CreateRoute",
                            "route_table_id": "rtb-0f553627e92fd9816",
                            "state": "active",
                            "transit_gateway_id": "",
                            "vpc_peering_connection_id": ""
                        },
                        "meta": {
                            "e2bfb730-ecaa-11e6-8f88-34363bc7c4c0": {
                                "create": 120000000000,
                                "delete": 300000000000
                            }
                        },
                        "tainted": false
                    },
                    "deposed": [],
                    "provider": "provider.aws"
                },
                "aws_route_table.main_vpc_route_table": {
                    "type": "aws_route_table",
                    "depends_on": [
                        "aws_vpc.main_vpc"
                    ],
                    "primary": {
                        "id": "rtb-0f553627e92fd9816",
                        "attributes": {
                            "id": "rtb-0f553627e92fd9816",
                            "owner_id": "966181838821",
                            "propagating_vgws.#": "0",
                            "route.#": "0",
                            "tags.%": "1",
                            "tags.name": "main-vpc-route-table",
                            "vpc_id": "vpc-06d5886a7cd96d5b1"
                        },
                        "meta": {},
                        "tainted": false
                    },
                    "deposed": [],
                    "provider": "provider.aws"
                },
                "aws_route_table_association.main_vpc_public_subnet_1_internet_access": {
                    "type": "aws_route_table_association",
                    "depends_on": [
                        "aws_route_table.main_vpc_route_table",
                        "aws_subnet.main_vpc_public_subnet_1"
                    ],
                    "primary": {
                        "id": "rtbassoc-0cb55507949fbcde0",
                        "attributes": {
                            "id": "rtbassoc-0cb55507949fbcde0",
                            "route_table_id": "rtb-0f553627e92fd9816",
                            "subnet_id": "subnet-0665871ac586e03b5"
                        },
                        "meta": {},
                        "tainted": false
                    },
                    "deposed": [],
                    "provider": "provider.aws"
                },
                "aws_route_table_association.main_vpc_public_subnet_2_internet_access": {
                    "type": "aws_route_table_association",
                    "depends_on": [
                        "aws_route_table.main_vpc_route_table",
                        "aws_subnet.main_vpc_public_subnet_2"
                    ],
                    "primary": {
                        "id": "rtbassoc-039cfe94c8a1016e0",
                        "attributes": {
                            "id": "rtbassoc-039cfe94c8a1016e0",
                            "route_table_id": "rtb-0f553627e92fd9816",
                            "subnet_id": "subnet-00682201d85ce0c16"
                        },
                        "meta": {},
                        "tainted": false
                    },
                    "deposed": [],
                    "provider": "provider.aws"
                },
                "aws_subnet.main_vpc_private_subnet_1": {
                    "type": "aws_subnet",
                    "depends_on": [
                        "aws_vpc.main_vpc"
                    ],
                    "primary": {
                        "id": "subnet-049b00758fb278b4a",
                        "attributes": {
                            "arn": "arn:aws:ec2:us-east-1:966181838821:subnet/subnet-049b00758fb278b4a",
                            "assign_ipv6_address_on_creation": "false",
                            "availability_zone": "us-east-1c",
                            "availability_zone_id": "use1-az1",
                            "cidr_block": "10.0.3.0/24",
                            "id": "subnet-049b00758fb278b4a",
                            "ipv6_cidr_block": "",
                            "ipv6_cidr_block_association_id": "",
                            "map_public_ip_on_launch": "false",
                            "owner_id": "966181838821",
                            "tags.%": "1",
                            "tags.name": "main-vpc-private-subnet-1",
                            "vpc_id": "vpc-06d5886a7cd96d5b1"
                        },
                        "meta": {
                            "e2bfb730-ecaa-11e6-8f88-34363bc7c4c0": {
                                "create": 600000000000,
                                "delete": 600000000000
                            },
                            "schema_version": "1"
                        },
                        "tainted": false
                    },
                    "deposed": [],
                    "provider": "provider.aws"
                },
                "aws_subnet.main_vpc_private_subnet_2": {
                    "type": "aws_subnet",
                    "depends_on": [
                        "aws_vpc.main_vpc"
                    ],
                    "primary": {
                        "id": "subnet-0b49a5d16f44900de",
                        "attributes": {
                            "arn": "arn:aws:ec2:us-east-1:966181838821:subnet/subnet-0b49a5d16f44900de",
                            "assign_ipv6_address_on_creation": "false",
                            "availability_zone": "us-east-1d",
                            "availability_zone_id": "use1-az2",
                            "cidr_block": "10.0.4.0/24",
                            "id": "subnet-0b49a5d16f44900de",
                            "ipv6_cidr_block": "",
                            "ipv6_cidr_block_association_id": "",
                            "map_public_ip_on_launch": "false",
                            "owner_id": "966181838821",
                            "tags.%": "1",
                            "tags.name": "main-vpc-private-subnet-2",
                            "vpc_id": "vpc-06d5886a7cd96d5b1"
                        },
                        "meta": {
                            "e2bfb730-ecaa-11e6-8f88-34363bc7c4c0": {
                                "create": 600000000000,
                                "delete": 600000000000
                            },
                            "schema_version": "1"
                        },
                        "tainted": false
                    },
                    "deposed": [],
                    "provider": "provider.aws"
                },
                "aws_subnet.main_vpc_public_subnet_1": {
                    "type": "aws_subnet",
                    "depends_on": [
                        "aws_vpc.main_vpc"
                    ],
                    "primary": {
                        "id": "subnet-0665871ac586e03b5",
                        "attributes": {
                            "arn": "arn:aws:ec2:us-east-1:966181838821:subnet/subnet-0665871ac586e03b5",
                            "assign_ipv6_address_on_creation": "false",
                            "availability_zone": "us-east-1a",
                            "availability_zone_id": "use1-az4",
                            "cidr_block": "10.0.1.0/24",
                            "id": "subnet-0665871ac586e03b5",
                            "ipv6_cidr_block": "",
                            "ipv6_cidr_block_association_id": "",
                            "map_public_ip_on_launch": "true",
                            "owner_id": "966181838821",
                            "tags.%": "1",
                            "tags.name": "main-vpc-public-subnet-1",
                            "vpc_id": "vpc-06d5886a7cd96d5b1"
                        },
                        "meta": {
                            "e2bfb730-ecaa-11e6-8f88-34363bc7c4c0": {
                                "create": 600000000000,
                                "delete": 600000000000
                            },
                            "schema_version": "1"
                        },
                        "tainted": false
                    },
                    "deposed": [],
                    "provider": "provider.aws"
                },
                "aws_subnet.main_vpc_public_subnet_2": {
                    "type": "aws_subnet",
                    "depends_on": [
                        "aws_vpc.main_vpc"
                    ],
                    "primary": {
                        "id": "subnet-00682201d85ce0c16",
                        "attributes": {
                            "arn": "arn:aws:ec2:us-east-1:966181838821:subnet/subnet-00682201d85ce0c16",
                            "assign_ipv6_address_on_creation": "false",
                            "availability_zone": "us-east-1b",
                            "availability_zone_id": "use1-az6",
                            "cidr_block": "10.0.2.0/24",
                            "id": "subnet-00682201d85ce0c16",
                            "ipv6_cidr_block": "",
                            "ipv6_cidr_block_association_id": "",
                            "map_public_ip_on_launch": "true",
                            "owner_id": "966181838821",
                            "tags.%": "1",
                            "tags.name": "main-vpc-public-subnet-2",
                            "vpc_id": "vpc-06d5886a7cd96d5b1"
                        },
                        "meta": {
                            "e2bfb730-ecaa-11e6-8f88-34363bc7c4c0": {
                                "create": 600000000000,
                                "delete": 600000000000
                            },
                            "schema_version": "1"
                        },
                        "tainted": false
                    },
                    "deposed": [],
                    "provider": "provider.aws"
                },
                "aws_vpc.main_vpc": {
                    "type": "aws_vpc",
                    "depends_on": [],
                    "primary": {
                        "id": "vpc-06d5886a7cd96d5b1",
                        "attributes": {
                            "arn": "arn:aws:ec2:us-east-1:966181838821:vpc/vpc-06d5886a7cd96d5b1",
                            "assign_generated_ipv6_cidr_block": "false",
                            "cidr_block": "10.0.0.0/16",
                            "default_network_acl_id": "acl-0b4976e4b477e0665",
                            "default_route_table_id": "rtb-00cdb1567873ce99b",
                            "default_security_group_id": "sg-08cdbef6e8bea7ccb",
                            "dhcp_options_id": "dopt-5394172a",
                            "enable_classiclink": "false",
                            "enable_classiclink_dns_support": "false",
                            "enable_dns_hostnames": "true",
                            "enable_dns_support": "true",
                            "id": "vpc-06d5886a7cd96d5b1",
                            "instance_tenancy": "default",
                            "ipv6_association_id": "",
                            "ipv6_cidr_block": "",
                            "main_route_table_id": "rtb-00cdb1567873ce99b",
                            "owner_id": "966181838821",
                            "tags.%": "1",
                            "tags.name": "main-vpc"
                        },
                        "meta": {
                            "schema_version": "1"
                        },
                        "tainted": false
                    },
                    "deposed": [],
                    "provider": "provider.aws"
                }
            },
            "depends_on": []
        }
    ]
}
